// !$*UTF8*$!
{
	archiveVersion = 1;
	classes = {
	};
	objectVersion = 46;
	objects = {

/* Begin PBXBuildFile section */
		ACAA15FDD8554126A606F258 /* libPods-Blik.a in Frameworks */ = {isa = PBXBuildFile; fileRef = 659FE625B2454CA095734DA4 /* libPods-Blik.a */; };
		B208E3EB19F1E1D2000EF97B /* GLAArrayEditorStore.m in Sources */ = {isa = PBXBuildFile; fileRef = B208E3EA19F1E1D2000EF97B /* GLAArrayEditorStore.m */; };
		B208E3F119F51551000EF97B /* GLAEditCollectionDetailsViewController.m in Sources */ = {isa = PBXBuildFile; fileRef = B208E3EF19F51551000EF97B /* GLAEditCollectionDetailsViewController.m */; };
		B208E3F219F51551000EF97B /* GLAEditCollectionDetailsViewController.xib in Resources */ = {isa = PBXBuildFile; fileRef = B208E3F019F51551000EF97B /* GLAEditCollectionDetailsViewController.xib */; };
		B208E3F619F518D5000EF97B /* GLAEditCollectionDetailsPopover.m in Sources */ = {isa = PBXBuildFile; fileRef = B208E3F519F518D5000EF97B /* GLAEditCollectionDetailsPopover.m */; };
		B208E3FA19F8E38F000EF97B /* GLAHighlightedItem.m in Sources */ = {isa = PBXBuildFile; fileRef = B208E3F919F8E38F000EF97B /* GLAHighlightedItem.m */; };
		B208E3FD19F90CFA000EF97B /* GLAProjectHighlightsViewController.m in Sources */ = {isa = PBXBuildFile; fileRef = B208E3FC19F90CFA000EF97B /* GLAProjectHighlightsViewController.m */; };
		B208E40019F914A7000EF97B /* GLAObjectNotificationRepresenter.m in Sources */ = {isa = PBXBuildFile; fileRef = B208E3FF19F914A7000EF97B /* GLAObjectNotificationRepresenter.m */; };
		B208E40319F91B66000EF97B /* GLAModel.m in Sources */ = {isa = PBXBuildFile; fileRef = B208E40219F91B66000EF97B /* GLAModel.m */; };
		B2174F7C19BEDBDF00BAE041 /* GLAModelErrors.m in Sources */ = {isa = PBXBuildFile; fileRef = B2174F7B19BEDBDF00BAE041 /* GLAModelErrors.m */; };
		B219DAA2196AB65D007900DF /* GLAMainWindowController.m in Sources */ = {isa = PBXBuildFile; fileRef = B219DAA0196AB65D007900DF /* GLAMainWindowController.m */; };
		B219DAA3196AB65D007900DF /* GLAMainWindowController.xib in Resources */ = {isa = PBXBuildFile; fileRef = B219DAA1196AB65D007900DF /* GLAMainWindowController.xib */; };
		B219DAA8196AB7D6007900DF /* GLANavigationBar.m in Sources */ = {isa = PBXBuildFile; fileRef = B219DAA7196AB7D6007900DF /* GLANavigationBar.m */; };
		B219DAAB196AB8D1007900DF /* GLANavigationButton.m in Sources */ = {isa = PBXBuildFile; fileRef = B219DAAA196AB8D1007900DF /* GLANavigationButton.m */; };
		B219DAAE196ACE8D007900DF /* GLAProjectView.m in Sources */ = {isa = PBXBuildFile; fileRef = B219DAAD196ACE8D007900DF /* GLAProjectView.m */; };
		B219DAB2196AD462007900DF /* GLAProjectViewController.m in Sources */ = {isa = PBXBuildFile; fileRef = B219DAB0196AD462007900DF /* GLAProjectViewController.m */; };
		B219DAB3196AD462007900DF /* GLAProjectViewController.xib in Resources */ = {isa = PBXBuildFile; fileRef = B219DAB1196AD462007900DF /* GLAProjectViewController.xib */; };
		B219DAB6196AD698007900DF /* GLAUIStyle.m in Sources */ = {isa = PBXBuildFile; fileRef = B219DAB5196AD698007900DF /* GLAUIStyle.m */; };
		B2214E1819D6848200DE2C71 /* GLAAddNewCollectionViewController.m in Sources */ = {isa = PBXBuildFile; fileRef = B2214E1619D6848200DE2C71 /* GLAAddNewCollectionViewController.m */; };
		B2214E1919D6848200DE2C71 /* GLAAddNewCollectionViewController.xib in Resources */ = {isa = PBXBuildFile; fileRef = B2214E1719D6848200DE2C71 /* GLAAddNewCollectionViewController.xib */; };
		B226E9591988D00C00D607CC /* GLAFileCollectionViewController.m in Sources */ = {isa = PBXBuildFile; fileRef = B226E9571988D00C00D607CC /* GLAFileCollectionViewController.m */; };
		B226E95A1988D00C00D607CC /* GLAFileCollectionViewController.xib in Resources */ = {isa = PBXBuildFile; fileRef = B226E9581988D00C00D607CC /* GLAFileCollectionViewController.xib */; };
		B22E80C4198CAE38005C4108 /* GLACollectedFile.m in Sources */ = {isa = PBXBuildFile; fileRef = B22E80C3198CAE38005C4108 /* GLACollectedFile.m */; };
		B22E80C7198F654E005C4108 /* GLAArrayEditor.m in Sources */ = {isa = PBXBuildFile; fileRef = B22E80C6198F654E005C4108 /* GLAArrayEditor.m */; };
		B22E80CB198F8971005C4108 /* GLAFileInfoRetriever.m in Sources */ = {isa = PBXBuildFile; fileRef = B22E80CA198F8971005C4108 /* GLAFileInfoRetriever.m */; };
		B22E80CF198F98B2005C4108 /* GLAMainContentViewController.m in Sources */ = {isa = PBXBuildFile; fileRef = B22E80CE198F98B2005C4108 /* GLAMainContentViewController.m */; };
		B23515331973BEAB00883FB3 /* GLAButton.m in Sources */ = {isa = PBXBuildFile; fileRef = B23515321973BEAB00883FB3 /* GLAButton.m */; };
		B24B3607196D1F720094FA1F /* GLAReminder.m in Sources */ = {isa = PBXBuildFile; fileRef = B24B3606196D1F720094FA1F /* GLAReminder.m */; };
		B24B360B196E336E0094FA1F /* GLAMainNavigationBarController.m in Sources */ = {isa = PBXBuildFile; fileRef = B24B3609196E336E0094FA1F /* GLAMainNavigationBarController.m */; };
		B24B360C196E336E0094FA1F /* GLAMainNavigationBarController.xib in Resources */ = {isa = PBXBuildFile; fileRef = B24B360A196E336E0094FA1F /* GLAMainNavigationBarController.xib */; };
		B25591F219C284040039D2AC /* GLATableContentRowView.m in Sources */ = {isa = PBXBuildFile; fileRef = B25591F119C284040039D2AC /* GLATableContentRowView.m */; };
		B25591F519C3CD0D0039D2AC /* GLATableActionsViewController.m in Sources */ = {isa = PBXBuildFile; fileRef = B25591F419C3CD0D0039D2AC /* GLATableActionsViewController.m */; };
		B25591FA19C845900039D2AC /* GLACollectionColorPickerViewController.m in Sources */ = {isa = PBXBuildFile; fileRef = B25591F819C845900039D2AC /* GLACollectionColorPickerViewController.m */; };
		B25591FB19C845900039D2AC /* GLACollectionColorPickerViewController.xib in Resources */ = {isa = PBXBuildFile; fileRef = B25591F919C845900039D2AC /* GLACollectionColorPickerViewController.xib */; };
		B25591FE19C846920039D2AC /* GLACollectionColor.m in Sources */ = {isa = PBXBuildFile; fileRef = B25591FD19C846920039D2AC /* GLACollectionColor.m */; };
		B255920119C84E4B0039D2AC /* GLAColorChoiceView.m in Sources */ = {isa = PBXBuildFile; fileRef = B255920019C84E4B0039D2AC /* GLAColorChoiceView.m */; };
		B255920419C8508C0039D2AC /* GLACollectionViewColorChoiceItem.m in Sources */ = {isa = PBXBuildFile; fileRef = B255920319C8508C0039D2AC /* GLACollectionViewColorChoiceItem.m */; };
		B260F85519ADC91A002E3753 /* GLAStatusItemController.m in Sources */ = {isa = PBXBuildFile; fileRef = B260F85419ADC91A002E3753 /* GLAStatusItemController.m */; };
		B26659EB199C60D7003C4EA4 /* GLAAddNewProjectViewController.m in Sources */ = {isa = PBXBuildFile; fileRef = B26659E9199C60D7003C4EA4 /* GLAAddNewProjectViewController.m */; };
		B26659EC199C60D7003C4EA4 /* GLAAddNewProjectViewController.xib in Resources */ = {isa = PBXBuildFile; fileRef = B26659EA199C60D7003C4EA4 /* GLAAddNewProjectViewController.xib */; };
		B26659EF19A37C3C003C4EA4 /* NSColor+GLAExtras.m in Sources */ = {isa = PBXBuildFile; fileRef = B26659EE19A37C3C003C4EA4 /* NSColor+GLAExtras.m */; };
		B268C2561990EACC000BF39B /* GLASplitView.m in Sources */ = {isa = PBXBuildFile; fileRef = B268C2551990EACC000BF39B /* GLASplitView.m */; };
		B26B6F4919EBDB0100D17ECD /* GLAProjectPlanViewController.m in Sources */ = {isa = PBXBuildFile; fileRef = B26B6F4819EBDB0100D17ECD /* GLAProjectPlanViewController.m */; };
		B26B6F4D19EBDB3200D17ECD /* GLAProjectCollectionsViewController.m in Sources */ = {isa = PBXBuildFile; fileRef = B26B6F4C19EBDB3200D17ECD /* GLAProjectCollectionsViewController.m */; };
		B26B6F5019EBE3C800D17ECD /* GLATableView.m in Sources */ = {isa = PBXBuildFile; fileRef = B26B6F4F19EBE3C800D17ECD /* GLATableView.m */; };
		B2841B3319809E15005BB6A3 /* GLAProject.m in Sources */ = {isa = PBXBuildFile; fileRef = B2841B3219809E15005BB6A3 /* GLAProject.m */; };
		B284D5621978EC1F00157126 /* GLACollection.m in Sources */ = {isa = PBXBuildFile; fileRef = B284D5611978EC1F00157126 /* GLACollection.m */; };
		B28D217F1977C24000A12C6D /* GLAToggleButton.m in Sources */ = {isa = PBXBuildFile; fileRef = B28D217E1977C24000A12C6D /* GLAToggleButton.m */; };
		B28D21821977D6E600A12C6D /* GLATableProjectRowView.m in Sources */ = {isa = PBXBuildFile; fileRef = B28D21811977D6E600A12C6D /* GLATableProjectRowView.m */; };
		B292453519DB5BE100DD30CB /* GLACollectionColorPickerPopover.m in Sources */ = {isa = PBXBuildFile; fileRef = B292453419DB5BE100DD30CB /* GLACollectionColorPickerPopover.m */; };
		B292453919E4058A00DD30CB /* GLANoNowProjectViewController.m in Sources */ = {isa = PBXBuildFile; fileRef = B292453719E4058A00DD30CB /* GLANoNowProjectViewController.m */; };
		B292453A19E4058A00DD30CB /* GLANoNowProjectViewController.xib in Resources */ = {isa = PBXBuildFile; fileRef = B292453819E4058A00DD30CB /* GLANoNowProjectViewController.xib */; };
		B29F8DDA1980D45400F58F59 /* NSValueTransformer+GLAModel.m in Sources */ = {isa = PBXBuildFile; fileRef = B29F8DD91980D45400F58F59 /* NSValueTransformer+GLAModel.m */; };
		B29F8DDD1981139300F58F59 /* GLAReminderManager.m in Sources */ = {isa = PBXBuildFile; fileRef = B29F8DDC1981139300F58F59 /* GLAReminderManager.m */; };
		B2ADDBD21963DA2E0014EF84 /* Cocoa.framework in Frameworks */ = {isa = PBXBuildFile; fileRef = B2ADDBD11963DA2E0014EF84 /* Cocoa.framework */; };
		B2ADDBDC1963DA2E0014EF84 /* InfoPlist.strings in Resources */ = {isa = PBXBuildFile; fileRef = B2ADDBDA1963DA2E0014EF84 /* InfoPlist.strings */; };
		B2ADDBDE1963DA2E0014EF84 /* main.m in Sources */ = {isa = PBXBuildFile; fileRef = B2ADDBDD1963DA2E0014EF84 /* main.m */; };
		B2ADDBE21963DA2E0014EF84 /* Credits.rtf in Resources */ = {isa = PBXBuildFile; fileRef = B2ADDBE01963DA2E0014EF84 /* Credits.rtf */; };
		B2ADDBE51963DA2E0014EF84 /* GLAAppDelegate.m in Sources */ = {isa = PBXBuildFile; fileRef = B2ADDBE41963DA2E0014EF84 /* GLAAppDelegate.m */; };
		B2ADDBE81963DA2E0014EF84 /* MainMenu.xib in Resources */ = {isa = PBXBuildFile; fileRef = B2ADDBE61963DA2E0014EF84 /* MainMenu.xib */; };
		B2ADDBEA1963DA2E0014EF84 /* Images.xcassets in Resources */ = {isa = PBXBuildFile; fileRef = B2ADDBE91963DA2E0014EF84 /* Images.xcassets */; };
		B2ADDBF11963DA2E0014EF84 /* XCTest.framework in Frameworks */ = {isa = PBXBuildFile; fileRef = B2ADDBF01963DA2E0014EF84 /* XCTest.framework */; };
		B2ADDBF21963DA2E0014EF84 /* Cocoa.framework in Frameworks */ = {isa = PBXBuildFile; fileRef = B2ADDBD11963DA2E0014EF84 /* Cocoa.framework */; };
		B2ADDBFA1963DA2E0014EF84 /* InfoPlist.strings in Resources */ = {isa = PBXBuildFile; fileRef = B2ADDBF81963DA2E0014EF84 /* InfoPlist.strings */; };
		B2ADDBFC1963DA2E0014EF84 /* Glance_Prototype_ATests.m in Sources */ = {isa = PBXBuildFile; fileRef = B2ADDBFB1963DA2E0014EF84 /* Glance_Prototype_ATests.m */; };
		B2ADDC081963DA970014EF84 /* GLAPrototypeAWindowController.m in Sources */ = {isa = PBXBuildFile; fileRef = B2ADDC061963DA970014EF84 /* GLAPrototypeAWindowController.m */; };
		B2ADDC091963DA970014EF84 /* GLAPrototypeAWindowController.xib in Resources */ = {isa = PBXBuildFile; fileRef = B2ADDC071963DA970014EF84 /* GLAPrototypeAWindowController.xib */; };
		B2ADDC0D1964E3E10014EF84 /* GLAPrototypeAFilesViewController.m in Sources */ = {isa = PBXBuildFile; fileRef = B2ADDC0B1964E3E10014EF84 /* GLAPrototypeAFilesViewController.m */; };
		B2ADDC0E1964E3E10014EF84 /* GLAPrototypeAFilesViewController.xib in Resources */ = {isa = PBXBuildFile; fileRef = B2ADDC0C1964E3E10014EF84 /* GLAPrototypeAFilesViewController.xib */; };
		B2C5FD2D1988AB0200AEFBAF /* GLAProjectManager.m in Sources */ = {isa = PBXBuildFile; fileRef = B2C5FD2C1988AB0200AEFBAF /* GLAProjectManager.m */; };
		B2C7F287196FFFDF005780B4 /* GLAView.m in Sources */ = {isa = PBXBuildFile; fileRef = B2C7F286196FFFDF005780B4 /* GLAView.m */; };
		B2C7F28B197023EF005780B4 /* GLAProjectsListViewController.m in Sources */ = {isa = PBXBuildFile; fileRef = B2C7F289197023EF005780B4 /* GLAProjectsListViewController.m */; };
		B2C7F28C197023EF005780B4 /* GLAProjectsListViewController.xib in Resources */ = {isa = PBXBuildFile; fileRef = B2C7F28A197023EF005780B4 /* GLAProjectsListViewController.xib */; };
		B2C7F28F19704A2C005780B4 /* GLAProjectOverviewTableCellView.m in Sources */ = {isa = PBXBuildFile; fileRef = B2C7F28E19704A2C005780B4 /* GLAProjectOverviewTableCellView.m */; };
		B2C7F2921970D5D3005780B4 /* GLAMainWindow.m in Sources */ = {isa = PBXBuildFile; fileRef = B2C7F2911970D5D3005780B4 /* GLAMainWindow.m */; };
		B2C7F29819739239005780B4 /* GLAViewController.m in Sources */ = {isa = PBXBuildFile; fileRef = B2C7F29719739239005780B4 /* GLAViewController.m */; };
		B2C7F29D1973998C005780B4 /* GLAProjectActionsBarController.m in Sources */ = {isa = PBXBuildFile; fileRef = B2C7F29C1973998C005780B4 /* GLAProjectActionsBarController.m */; };
		B2F0DBB219923887001AB5EE /* Foundation.framework in Frameworks */ = {isa = PBXBuildFile; fileRef = B2F0DBB119923887001AB5EE /* Foundation.framework */; };
		B2F0DBB819923887001AB5EE /* InfoPlist.strings in Resources */ = {isa = PBXBuildFile; fileRef = B2F0DBB619923887001AB5EE /* InfoPlist.strings */; };
		B2F0DBBB19923887001AB5EE /* main.m in Sources */ = {isa = PBXBuildFile; fileRef = B2F0DBBA19923887001AB5EE /* main.m */; };
		B2F0DBC11992607B001AB5EE /* GLAMainContentSection.m in Sources */ = {isa = PBXBuildFile; fileRef = B2F0DBC01992607B001AB5EE /* GLAMainContentSection.m */; };
		B2F0DBC619936321001AB5EE /* GLAChooseRemindersViewController.m in Sources */ = {isa = PBXBuildFile; fileRef = B2F0DBC419936321001AB5EE /* GLAChooseRemindersViewController.m */; };
		B2F0DBC719936321001AB5EE /* GLAChooseRemindersViewController.xib in Resources */ = {isa = PBXBuildFile; fileRef = B2F0DBC519936321001AB5EE /* GLAChooseRemindersViewController.xib */; };
		B2F0DBCA199449FB001AB5EE /* GLAPopUpButton.m in Sources */ = {isa = PBXBuildFile; fileRef = B2F0DBC9199449FB001AB5EE /* GLAPopUpButton.m */; };
		B2F0DBCD1994C854001AB5EE /* GLATextField.m in Sources */ = {isa = PBXBuildFile; fileRef = B2F0DBCC1994C854001AB5EE /* GLATextField.m */; };
/* End PBXBuildFile section */

/* Begin PBXContainerItemProxy section */
		B2ADDBF31963DA2E0014EF84 /* PBXContainerItemProxy */ = {
			isa = PBXContainerItemProxy;
			containerPortal = B2ADDBC61963DA2E0014EF84 /* Project object */;
			proxyType = 1;
			remoteGlobalIDString = B2ADDBCD1963DA2E0014EF84;
			remoteInfo = "Glance Prototype A";
		};
/* End PBXContainerItemProxy section */

/* Begin PBXFileReference section */
		0B4ACAFDF5CB4F2F9F98B3F3 /* Pods-Blik.xcconfig */ = {isa = PBXFileReference; includeInIndex = 1; lastKnownFileType = text.xcconfig; name = "Pods-Blik.xcconfig"; path = "Pods/Pods-Blik.xcconfig"; sourceTree = "<group>"; };
		659FE625B2454CA095734DA4 /* libPods-Blik.a */ = {isa = PBXFileReference; explicitFileType = archive.ar; includeInIndex = 0; path = "libPods-Blik.a"; sourceTree = BUILT_PRODUCTS_DIR; };
		B208E3E919F1E1D2000EF97B /* GLAArrayEditorStore.h */ = {isa = PBXFileReference; fileEncoding = 4; lastKnownFileType = sourcecode.c.h; path = GLAArrayEditorStore.h; sourceTree = "<group>"; };
		B208E3EA19F1E1D2000EF97B /* GLAArrayEditorStore.m */ = {isa = PBXFileReference; fileEncoding = 4; lastKnownFileType = sourcecode.c.objc; path = GLAArrayEditorStore.m; sourceTree = "<group>"; };
		B208E3EE19F51551000EF97B /* GLAEditCollectionDetailsViewController.h */ = {isa = PBXFileReference; fileEncoding = 4; lastKnownFileType = sourcecode.c.h; path = GLAEditCollectionDetailsViewController.h; sourceTree = "<group>"; };
		B208E3EF19F51551000EF97B /* GLAEditCollectionDetailsViewController.m */ = {isa = PBXFileReference; fileEncoding = 4; lastKnownFileType = sourcecode.c.objc; path = GLAEditCollectionDetailsViewController.m; sourceTree = "<group>"; };
		B208E3F019F51551000EF97B /* GLAEditCollectionDetailsViewController.xib */ = {isa = PBXFileReference; fileEncoding = 4; lastKnownFileType = file.xib; path = GLAEditCollectionDetailsViewController.xib; sourceTree = "<group>"; };
		B208E3F419F518D5000EF97B /* GLAEditCollectionDetailsPopover.h */ = {isa = PBXFileReference; fileEncoding = 4; lastKnownFileType = sourcecode.c.h; path = GLAEditCollectionDetailsPopover.h; sourceTree = "<group>"; };
		B208E3F519F518D5000EF97B /* GLAEditCollectionDetailsPopover.m */ = {isa = PBXFileReference; fileEncoding = 4; lastKnownFileType = sourcecode.c.objc; path = GLAEditCollectionDetailsPopover.m; sourceTree = "<group>"; };
		B208E3F819F8E38F000EF97B /* GLAHighlightedItem.h */ = {isa = PBXFileReference; fileEncoding = 4; lastKnownFileType = sourcecode.c.h; path = GLAHighlightedItem.h; sourceTree = "<group>"; };
		B208E3F919F8E38F000EF97B /* GLAHighlightedItem.m */ = {isa = PBXFileReference; fileEncoding = 4; lastKnownFileType = sourcecode.c.objc; path = GLAHighlightedItem.m; sourceTree = "<group>"; };
		B208E3FB19F90CFA000EF97B /* GLAProjectHighlightsViewController.h */ = {isa = PBXFileReference; fileEncoding = 4; lastKnownFileType = sourcecode.c.h; path = GLAProjectHighlightsViewController.h; sourceTree = "<group>"; };
		B208E3FC19F90CFA000EF97B /* GLAProjectHighlightsViewController.m */ = {isa = PBXFileReference; fileEncoding = 4; lastKnownFileType = sourcecode.c.objc; path = GLAProjectHighlightsViewController.m; sourceTree = "<group>"; };
		B208E3FE19F914A7000EF97B /* GLAObjectNotificationRepresenter.h */ = {isa = PBXFileReference; fileEncoding = 4; lastKnownFileType = sourcecode.c.h; path = GLAObjectNotificationRepresenter.h; sourceTree = "<group>"; };
		B208E3FF19F914A7000EF97B /* GLAObjectNotificationRepresenter.m */ = {isa = PBXFileReference; fileEncoding = 4; lastKnownFileType = sourcecode.c.objc; path = GLAObjectNotificationRepresenter.m; sourceTree = "<group>"; };
		B208E40119F91B66000EF97B /* GLAModel.h */ = {isa = PBXFileReference; fileEncoding = 4; lastKnownFileType = sourcecode.c.h; path = GLAModel.h; sourceTree = "<group>"; };
		B208E40219F91B66000EF97B /* GLAModel.m */ = {isa = PBXFileReference; fileEncoding = 4; lastKnownFileType = sourcecode.c.objc; path = GLAModel.m; sourceTree = "<group>"; };
		B2174F7A19BEDBDF00BAE041 /* GLAModelErrors.h */ = {isa = PBXFileReference; fileEncoding = 4; lastKnownFileType = sourcecode.c.h; path = GLAModelErrors.h; sourceTree = "<group>"; };
		B2174F7B19BEDBDF00BAE041 /* GLAModelErrors.m */ = {isa = PBXFileReference; fileEncoding = 4; lastKnownFileType = sourcecode.c.objc; path = GLAModelErrors.m; sourceTree = "<group>"; };
		B219DA9F196AB65D007900DF /* GLAMainWindowController.h */ = {isa = PBXFileReference; fileEncoding = 4; lastKnownFileType = sourcecode.c.h; path = GLAMainWindowController.h; sourceTree = "<group>"; };
		B219DAA0196AB65D007900DF /* GLAMainWindowController.m */ = {isa = PBXFileReference; fileEncoding = 4; lastKnownFileType = sourcecode.c.objc; path = GLAMainWindowController.m; sourceTree = "<group>"; };
		B219DAA1196AB65D007900DF /* GLAMainWindowController.xib */ = {isa = PBXFileReference; fileEncoding = 4; lastKnownFileType = file.xib; path = GLAMainWindowController.xib; sourceTree = "<group>"; };
		B219DAA6196AB7D6007900DF /* GLANavigationBar.h */ = {isa = PBXFileReference; fileEncoding = 4; lastKnownFileType = sourcecode.c.h; path = GLANavigationBar.h; sourceTree = "<group>"; };
		B219DAA7196AB7D6007900DF /* GLANavigationBar.m */ = {isa = PBXFileReference; fileEncoding = 4; lastKnownFileType = sourcecode.c.objc; path = GLANavigationBar.m; sourceTree = "<group>"; };
		B219DAA9196AB8D1007900DF /* GLANavigationButton.h */ = {isa = PBXFileReference; fileEncoding = 4; lastKnownFileType = sourcecode.c.h; path = GLANavigationButton.h; sourceTree = "<group>"; };
		B219DAAA196AB8D1007900DF /* GLANavigationButton.m */ = {isa = PBXFileReference; fileEncoding = 4; lastKnownFileType = sourcecode.c.objc; path = GLANavigationButton.m; sourceTree = "<group>"; };
		B219DAAC196ACE8D007900DF /* GLAProjectView.h */ = {isa = PBXFileReference; fileEncoding = 4; lastKnownFileType = sourcecode.c.h; path = GLAProjectView.h; sourceTree = "<group>"; };
		B219DAAD196ACE8D007900DF /* GLAProjectView.m */ = {isa = PBXFileReference; fileEncoding = 4; lastKnownFileType = sourcecode.c.objc; path = GLAProjectView.m; sourceTree = "<group>"; };
		B219DAAF196AD462007900DF /* GLAProjectViewController.h */ = {isa = PBXFileReference; fileEncoding = 4; lastKnownFileType = sourcecode.c.h; path = GLAProjectViewController.h; sourceTree = "<group>"; };
		B219DAB0196AD462007900DF /* GLAProjectViewController.m */ = {isa = PBXFileReference; fileEncoding = 4; lastKnownFileType = sourcecode.c.objc; path = GLAProjectViewController.m; sourceTree = "<group>"; };
		B219DAB1196AD462007900DF /* GLAProjectViewController.xib */ = {isa = PBXFileReference; fileEncoding = 4; lastKnownFileType = file.xib; path = GLAProjectViewController.xib; sourceTree = "<group>"; };
		B219DAB4196AD698007900DF /* GLAUIStyle.h */ = {isa = PBXFileReference; fileEncoding = 4; lastKnownFileType = sourcecode.c.h; path = GLAUIStyle.h; sourceTree = "<group>"; };
		B219DAB5196AD698007900DF /* GLAUIStyle.m */ = {isa = PBXFileReference; fileEncoding = 4; lastKnownFileType = sourcecode.c.objc; path = GLAUIStyle.m; sourceTree = "<group>"; };
		B2214E1519D6848200DE2C71 /* GLAAddNewCollectionViewController.h */ = {isa = PBXFileReference; fileEncoding = 4; lastKnownFileType = sourcecode.c.h; path = GLAAddNewCollectionViewController.h; sourceTree = "<group>"; };
		B2214E1619D6848200DE2C71 /* GLAAddNewCollectionViewController.m */ = {isa = PBXFileReference; fileEncoding = 4; lastKnownFileType = sourcecode.c.objc; path = GLAAddNewCollectionViewController.m; sourceTree = "<group>"; };
		B2214E1719D6848200DE2C71 /* GLAAddNewCollectionViewController.xib */ = {isa = PBXFileReference; fileEncoding = 4; lastKnownFileType = file.xib; path = GLAAddNewCollectionViewController.xib; sourceTree = "<group>"; };
		B226E9561988D00C00D607CC /* GLAFileCollectionViewController.h */ = {isa = PBXFileReference; fileEncoding = 4; lastKnownFileType = sourcecode.c.h; path = GLAFileCollectionViewController.h; sourceTree = "<group>"; };
		B226E9571988D00C00D607CC /* GLAFileCollectionViewController.m */ = {isa = PBXFileReference; fileEncoding = 4; lastKnownFileType = sourcecode.c.objc; path = GLAFileCollectionViewController.m; sourceTree = "<group>"; };
		B226E9581988D00C00D607CC /* GLAFileCollectionViewController.xib */ = {isa = PBXFileReference; fileEncoding = 4; lastKnownFileType = file.xib; path = GLAFileCollectionViewController.xib; sourceTree = "<group>"; };
		B22E80C2198CAE38005C4108 /* GLACollectedFile.h */ = {isa = PBXFileReference; fileEncoding = 4; lastKnownFileType = sourcecode.c.h; path = GLACollectedFile.h; sourceTree = "<group>"; };
		B22E80C3198CAE38005C4108 /* GLACollectedFile.m */ = {isa = PBXFileReference; fileEncoding = 4; lastKnownFileType = sourcecode.c.objc; path = GLACollectedFile.m; sourceTree = "<group>"; };
		B22E80C5198F654E005C4108 /* GLAArrayEditor.h */ = {isa = PBXFileReference; fileEncoding = 4; lastKnownFileType = sourcecode.c.h; path = GLAArrayEditor.h; sourceTree = "<group>"; };
		B22E80C6198F654E005C4108 /* GLAArrayEditor.m */ = {isa = PBXFileReference; fileEncoding = 4; lastKnownFileType = sourcecode.c.objc; path = GLAArrayEditor.m; sourceTree = "<group>"; };
		B22E80C8198F65A9005C4108 /* GLAArrayEditing.h */ = {isa = PBXFileReference; lastKnownFileType = sourcecode.c.h; path = GLAArrayEditing.h; sourceTree = "<group>"; };
		B22E80C9198F8971005C4108 /* GLAFileInfoRetriever.h */ = {isa = PBXFileReference; fileEncoding = 4; lastKnownFileType = sourcecode.c.h; path = GLAFileInfoRetriever.h; sourceTree = "<group>"; };
		B22E80CA198F8971005C4108 /* GLAFileInfoRetriever.m */ = {isa = PBXFileReference; fileEncoding = 4; lastKnownFileType = sourcecode.c.objc; path = GLAFileInfoRetriever.m; sourceTree = "<group>"; };
		B22E80CC198F8B13005C4108 /* Blik.entitlements */ = {isa = PBXFileReference; lastKnownFileType = text.xml; path = Blik.entitlements; sourceTree = "<group>"; };
		B22E80CD198F98B2005C4108 /* GLAMainContentViewController.h */ = {isa = PBXFileReference; fileEncoding = 4; lastKnownFileType = sourcecode.c.h; path = GLAMainContentViewController.h; sourceTree = "<group>"; };
		B22E80CE198F98B2005C4108 /* GLAMainContentViewController.m */ = {isa = PBXFileReference; fileEncoding = 4; lastKnownFileType = sourcecode.c.objc; path = GLAMainContentViewController.m; sourceTree = "<group>"; };
		B23515311973BEAB00883FB3 /* GLAButton.h */ = {isa = PBXFileReference; fileEncoding = 4; indentWidth = 4; lastKnownFileType = sourcecode.c.h; path = GLAButton.h; sourceTree = "<group>"; tabWidth = 4; usesTabs = 1; wrapsLines = 1; };
		B23515321973BEAB00883FB3 /* GLAButton.m */ = {isa = PBXFileReference; fileEncoding = 4; indentWidth = 4; lastKnownFileType = sourcecode.c.objc; path = GLAButton.m; sourceTree = "<group>"; tabWidth = 4; usesTabs = 1; wrapsLines = 1; };
		B24B3605196D1F720094FA1F /* GLAReminder.h */ = {isa = PBXFileReference; fileEncoding = 4; lastKnownFileType = sourcecode.c.h; path = GLAReminder.h; sourceTree = "<group>"; };
		B24B3606196D1F720094FA1F /* GLAReminder.m */ = {isa = PBXFileReference; fileEncoding = 4; lastKnownFileType = sourcecode.c.objc; path = GLAReminder.m; sourceTree = "<group>"; };
		B24B3608196E336E0094FA1F /* GLAMainNavigationBarController.h */ = {isa = PBXFileReference; fileEncoding = 4; lastKnownFileType = sourcecode.c.h; path = GLAMainNavigationBarController.h; sourceTree = "<group>"; };
		B24B3609196E336E0094FA1F /* GLAMainNavigationBarController.m */ = {isa = PBXFileReference; fileEncoding = 4; lastKnownFileType = sourcecode.c.objc; path = GLAMainNavigationBarController.m; sourceTree = "<group>"; };
		B24B360A196E336E0094FA1F /* GLAMainNavigationBarController.xib */ = {isa = PBXFileReference; fileEncoding = 4; lastKnownFileType = file.xib; path = GLAMainNavigationBarController.xib; sourceTree = "<group>"; };
		B25591F019C284040039D2AC /* GLATableContentRowView.h */ = {isa = PBXFileReference; fileEncoding = 4; lastKnownFileType = sourcecode.c.h; path = GLATableContentRowView.h; sourceTree = "<group>"; };
		B25591F119C284040039D2AC /* GLATableContentRowView.m */ = {isa = PBXFileReference; fileEncoding = 4; lastKnownFileType = sourcecode.c.objc; path = GLATableContentRowView.m; sourceTree = "<group>"; };
		B25591F319C3CD0C0039D2AC /* GLATableActionsViewController.h */ = {isa = PBXFileReference; fileEncoding = 4; lastKnownFileType = sourcecode.c.h; path = GLATableActionsViewController.h; sourceTree = "<group>"; };
		B25591F419C3CD0D0039D2AC /* GLATableActionsViewController.m */ = {isa = PBXFileReference; fileEncoding = 4; lastKnownFileType = sourcecode.c.objc; path = GLATableActionsViewController.m; sourceTree = "<group>"; };
		B25591F719C845900039D2AC /* GLACollectionColorPickerViewController.h */ = {isa = PBXFileReference; fileEncoding = 4; lastKnownFileType = sourcecode.c.h; path = GLACollectionColorPickerViewController.h; sourceTree = "<group>"; };
		B25591F819C845900039D2AC /* GLACollectionColorPickerViewController.m */ = {isa = PBXFileReference; fileEncoding = 4; lastKnownFileType = sourcecode.c.objc; path = GLACollectionColorPickerViewController.m; sourceTree = "<group>"; };
		B25591F919C845900039D2AC /* GLACollectionColorPickerViewController.xib */ = {isa = PBXFileReference; fileEncoding = 4; lastKnownFileType = file.xib; path = GLACollectionColorPickerViewController.xib; sourceTree = "<group>"; };
		B25591FC19C846920039D2AC /* GLACollectionColor.h */ = {isa = PBXFileReference; fileEncoding = 4; lastKnownFileType = sourcecode.c.h; path = GLACollectionColor.h; sourceTree = "<group>"; };
		B25591FD19C846920039D2AC /* GLACollectionColor.m */ = {isa = PBXFileReference; fileEncoding = 4; lastKnownFileType = sourcecode.c.objc; path = GLACollectionColor.m; sourceTree = "<group>"; };
		B25591FF19C84E4B0039D2AC /* GLAColorChoiceView.h */ = {isa = PBXFileReference; fileEncoding = 4; lastKnownFileType = sourcecode.c.h; path = GLAColorChoiceView.h; sourceTree = "<group>"; };
		B255920019C84E4B0039D2AC /* GLAColorChoiceView.m */ = {isa = PBXFileReference; fileEncoding = 4; lastKnownFileType = sourcecode.c.objc; path = GLAColorChoiceView.m; sourceTree = "<group>"; };
		B255920219C8508C0039D2AC /* GLACollectionViewColorChoiceItem.h */ = {isa = PBXFileReference; fileEncoding = 4; lastKnownFileType = sourcecode.c.h; path = GLACollectionViewColorChoiceItem.h; sourceTree = "<group>"; };
		B255920319C8508C0039D2AC /* GLACollectionViewColorChoiceItem.m */ = {isa = PBXFileReference; fileEncoding = 4; lastKnownFileType = sourcecode.c.objc; path = GLACollectionViewColorChoiceItem.m; sourceTree = "<group>"; };
		B260F85319ADC91A002E3753 /* GLAStatusItemController.h */ = {isa = PBXFileReference; fileEncoding = 4; lastKnownFileType = sourcecode.c.h; path = GLAStatusItemController.h; sourceTree = "<group>"; };
		B260F85419ADC91A002E3753 /* GLAStatusItemController.m */ = {isa = PBXFileReference; fileEncoding = 4; lastKnownFileType = sourcecode.c.objc; path = GLAStatusItemController.m; sourceTree = "<group>"; };
		B26659E8199C60D7003C4EA4 /* GLAAddNewProjectViewController.h */ = {isa = PBXFileReference; fileEncoding = 4; lastKnownFileType = sourcecode.c.h; path = GLAAddNewProjectViewController.h; sourceTree = "<group>"; };
		B26659E9199C60D7003C4EA4 /* GLAAddNewProjectViewController.m */ = {isa = PBXFileReference; fileEncoding = 4; lastKnownFileType = sourcecode.c.objc; path = GLAAddNewProjectViewController.m; sourceTree = "<group>"; };
		B26659EA199C60D7003C4EA4 /* GLAAddNewProjectViewController.xib */ = {isa = PBXFileReference; fileEncoding = 4; lastKnownFileType = file.xib; path = GLAAddNewProjectViewController.xib; sourceTree = "<group>"; };
		B26659ED19A37C3C003C4EA4 /* NSColor+GLAExtras.h */ = {isa = PBXFileReference; fileEncoding = 4; lastKnownFileType = sourcecode.c.h; path = "NSColor+GLAExtras.h"; sourceTree = "<group>"; };
		B26659EE19A37C3C003C4EA4 /* NSColor+GLAExtras.m */ = {isa = PBXFileReference; fileEncoding = 4; lastKnownFileType = sourcecode.c.objc; path = "NSColor+GLAExtras.m"; sourceTree = "<group>"; };
		B268C2541990EACC000BF39B /* GLASplitView.h */ = {isa = PBXFileReference; fileEncoding = 4; lastKnownFileType = sourcecode.c.h; path = GLASplitView.h; sourceTree = "<group>"; };
		B268C2551990EACC000BF39B /* GLASplitView.m */ = {isa = PBXFileReference; fileEncoding = 4; lastKnownFileType = sourcecode.c.objc; path = GLASplitView.m; sourceTree = "<group>"; };
		B26B6F4719EBDB0100D17ECD /* GLAProjectPlanViewController.h */ = {isa = PBXFileReference; fileEncoding = 4; lastKnownFileType = sourcecode.c.h; path = GLAProjectPlanViewController.h; sourceTree = "<group>"; };
		B26B6F4819EBDB0100D17ECD /* GLAProjectPlanViewController.m */ = {isa = PBXFileReference; fileEncoding = 4; lastKnownFileType = sourcecode.c.objc; path = GLAProjectPlanViewController.m; sourceTree = "<group>"; };
		B26B6F4B19EBDB3200D17ECD /* GLAProjectCollectionsViewController.h */ = {isa = PBXFileReference; fileEncoding = 4; lastKnownFileType = sourcecode.c.h; path = GLAProjectCollectionsViewController.h; sourceTree = "<group>"; };
		B26B6F4C19EBDB3200D17ECD /* GLAProjectCollectionsViewController.m */ = {isa = PBXFileReference; fileEncoding = 4; lastKnownFileType = sourcecode.c.objc; path = GLAProjectCollectionsViewController.m; sourceTree = "<group>"; };
		B26B6F4E19EBE3C800D17ECD /* GLATableView.h */ = {isa = PBXFileReference; fileEncoding = 4; lastKnownFileType = sourcecode.c.h; path = GLATableView.h; sourceTree = "<group>"; };
		B26B6F4F19EBE3C800D17ECD /* GLATableView.m */ = {isa = PBXFileReference; fileEncoding = 4; lastKnownFileType = sourcecode.c.objc; path = GLATableView.m; sourceTree = "<group>"; };
		B2841B3119809E15005BB6A3 /* GLAProject.h */ = {isa = PBXFileReference; fileEncoding = 4; lastKnownFileType = sourcecode.c.h; path = GLAProject.h; sourceTree = "<group>"; };
		B2841B3219809E15005BB6A3 /* GLAProject.m */ = {isa = PBXFileReference; fileEncoding = 4; lastKnownFileType = sourcecode.c.objc; path = GLAProject.m; sourceTree = "<group>"; };
		B284D5601978EC1F00157126 /* GLACollection.h */ = {isa = PBXFileReference; fileEncoding = 4; lastKnownFileType = sourcecode.c.h; path = GLACollection.h; sourceTree = "<group>"; };
		B284D5611978EC1F00157126 /* GLACollection.m */ = {isa = PBXFileReference; fileEncoding = 4; lastKnownFileType = sourcecode.c.objc; path = GLACollection.m; sourceTree = "<group>"; };
		B28D217D1977C24000A12C6D /* GLAToggleButton.h */ = {isa = PBXFileReference; fileEncoding = 4; lastKnownFileType = sourcecode.c.h; path = GLAToggleButton.h; sourceTree = "<group>"; };
		B28D217E1977C24000A12C6D /* GLAToggleButton.m */ = {isa = PBXFileReference; fileEncoding = 4; lastKnownFileType = sourcecode.c.objc; path = GLAToggleButton.m; sourceTree = "<group>"; };
		B28D21801977D6E600A12C6D /* GLATableProjectRowView.h */ = {isa = PBXFileReference; fileEncoding = 4; lastKnownFileType = sourcecode.c.h; path = GLATableProjectRowView.h; sourceTree = "<group>"; };
		B28D21811977D6E600A12C6D /* GLATableProjectRowView.m */ = {isa = PBXFileReference; fileEncoding = 4; lastKnownFileType = sourcecode.c.objc; path = GLATableProjectRowView.m; sourceTree = "<group>"; };
		B292453319DB5BE100DD30CB /* GLACollectionColorPickerPopover.h */ = {isa = PBXFileReference; fileEncoding = 4; lastKnownFileType = sourcecode.c.h; path = GLACollectionColorPickerPopover.h; sourceTree = "<group>"; };
		B292453419DB5BE100DD30CB /* GLACollectionColorPickerPopover.m */ = {isa = PBXFileReference; fileEncoding = 4; lastKnownFileType = sourcecode.c.objc; path = GLACollectionColorPickerPopover.m; sourceTree = "<group>"; };
		B292453619E4058A00DD30CB /* GLANoNowProjectViewController.h */ = {isa = PBXFileReference; fileEncoding = 4; lastKnownFileType = sourcecode.c.h; path = GLANoNowProjectViewController.h; sourceTree = "<group>"; };
		B292453719E4058A00DD30CB /* GLANoNowProjectViewController.m */ = {isa = PBXFileReference; fileEncoding = 4; lastKnownFileType = sourcecode.c.objc; path = GLANoNowProjectViewController.m; sourceTree = "<group>"; };
		B292453819E4058A00DD30CB /* GLANoNowProjectViewController.xib */ = {isa = PBXFileReference; fileEncoding = 4; lastKnownFileType = file.xib; path = GLANoNowProjectViewController.xib; sourceTree = "<group>"; };
		B29F8DD81980D45400F58F59 /* NSValueTransformer+GLAModel.h */ = {isa = PBXFileReference; fileEncoding = 4; lastKnownFileType = sourcecode.c.h; path = "NSValueTransformer+GLAModel.h"; sourceTree = "<group>"; };
		B29F8DD91980D45400F58F59 /* NSValueTransformer+GLAModel.m */ = {isa = PBXFileReference; fileEncoding = 4; lastKnownFileType = sourcecode.c.objc; path = "NSValueTransformer+GLAModel.m"; sourceTree = "<group>"; };
		B29F8DDB1981139300F58F59 /* GLAReminderManager.h */ = {isa = PBXFileReference; fileEncoding = 4; lastKnownFileType = sourcecode.c.h; path = GLAReminderManager.h; sourceTree = "<group>"; };
		B29F8DDC1981139300F58F59 /* GLAReminderManager.m */ = {isa = PBXFileReference; fileEncoding = 4; lastKnownFileType = sourcecode.c.objc; path = GLAReminderManager.m; sourceTree = "<group>"; };
		B2ADDBCE1963DA2E0014EF84 /* Blik.app */ = {isa = PBXFileReference; explicitFileType = wrapper.application; includeInIndex = 0; path = Blik.app; sourceTree = BUILT_PRODUCTS_DIR; };
		B2ADDBD11963DA2E0014EF84 /* Cocoa.framework */ = {isa = PBXFileReference; lastKnownFileType = wrapper.framework; name = Cocoa.framework; path = System/Library/Frameworks/Cocoa.framework; sourceTree = SDKROOT; };
		B2ADDBD41963DA2E0014EF84 /* AppKit.framework */ = {isa = PBXFileReference; lastKnownFileType = wrapper.framework; name = AppKit.framework; path = System/Library/Frameworks/AppKit.framework; sourceTree = SDKROOT; };
		B2ADDBD51963DA2E0014EF84 /* CoreData.framework */ = {isa = PBXFileReference; lastKnownFileType = wrapper.framework; name = CoreData.framework; path = System/Library/Frameworks/CoreData.framework; sourceTree = SDKROOT; };
		B2ADDBD61963DA2E0014EF84 /* Foundation.framework */ = {isa = PBXFileReference; lastKnownFileType = wrapper.framework; name = Foundation.framework; path = System/Library/Frameworks/Foundation.framework; sourceTree = SDKROOT; };
		B2ADDBD91963DA2E0014EF84 /* Blik-Info.plist */ = {isa = PBXFileReference; lastKnownFileType = text.plist.xml; path = "Blik-Info.plist"; sourceTree = "<group>"; };
		B2ADDBDB1963DA2E0014EF84 /* en */ = {isa = PBXFileReference; lastKnownFileType = text.plist.strings; name = en; path = en.lproj/InfoPlist.strings; sourceTree = "<group>"; };
		B2ADDBDD1963DA2E0014EF84 /* main.m */ = {isa = PBXFileReference; lastKnownFileType = sourcecode.c.objc; path = main.m; sourceTree = "<group>"; };
		B2ADDBDF1963DA2E0014EF84 /* Blik-Prefix.pch */ = {isa = PBXFileReference; lastKnownFileType = sourcecode.c.h; path = "Blik-Prefix.pch"; sourceTree = "<group>"; };
		B2ADDBE11963DA2E0014EF84 /* en */ = {isa = PBXFileReference; lastKnownFileType = text.rtf; name = en; path = en.lproj/Credits.rtf; sourceTree = "<group>"; };
		B2ADDBE31963DA2E0014EF84 /* GLAAppDelegate.h */ = {isa = PBXFileReference; lastKnownFileType = sourcecode.c.h; path = GLAAppDelegate.h; sourceTree = "<group>"; };
		B2ADDBE41963DA2E0014EF84 /* GLAAppDelegate.m */ = {isa = PBXFileReference; lastKnownFileType = sourcecode.c.objc; path = GLAAppDelegate.m; sourceTree = "<group>"; };
		B2ADDBE71963DA2E0014EF84 /* Base */ = {isa = PBXFileReference; lastKnownFileType = file.xib; name = Base; path = Base.lproj/MainMenu.xib; sourceTree = "<group>"; };
		B2ADDBE91963DA2E0014EF84 /* Images.xcassets */ = {isa = PBXFileReference; lastKnownFileType = folder.assetcatalog; path = Images.xcassets; sourceTree = "<group>"; };
		B2ADDBEF1963DA2E0014EF84 /* BlikTests.xctest */ = {isa = PBXFileReference; explicitFileType = wrapper.cfbundle; includeInIndex = 0; path = BlikTests.xctest; sourceTree = BUILT_PRODUCTS_DIR; };
		B2ADDBF01963DA2E0014EF84 /* XCTest.framework */ = {isa = PBXFileReference; lastKnownFileType = wrapper.framework; name = XCTest.framework; path = Library/Frameworks/XCTest.framework; sourceTree = DEVELOPER_DIR; };
		B2ADDBF71963DA2E0014EF84 /* BlikTests-Info.plist */ = {isa = PBXFileReference; lastKnownFileType = text.plist.xml; path = "BlikTests-Info.plist"; sourceTree = "<group>"; };
		B2ADDBF91963DA2E0014EF84 /* en */ = {isa = PBXFileReference; lastKnownFileType = text.plist.strings; name = en; path = en.lproj/InfoPlist.strings; sourceTree = "<group>"; };
		B2ADDBFB1963DA2E0014EF84 /* Glance_Prototype_ATests.m */ = {isa = PBXFileReference; lastKnownFileType = sourcecode.c.objc; path = Glance_Prototype_ATests.m; sourceTree = "<group>"; };
		B2ADDC051963DA970014EF84 /* GLAPrototypeAWindowController.h */ = {isa = PBXFileReference; fileEncoding = 4; lastKnownFileType = sourcecode.c.h; name = GLAPrototypeAWindowController.h; path = ../GLAPrototypeAWindowController.h; sourceTree = "<group>"; };
		B2ADDC061963DA970014EF84 /* GLAPrototypeAWindowController.m */ = {isa = PBXFileReference; fileEncoding = 4; lastKnownFileType = sourcecode.c.objc; name = GLAPrototypeAWindowController.m; path = ../GLAPrototypeAWindowController.m; sourceTree = "<group>"; };
		B2ADDC071963DA970014EF84 /* GLAPrototypeAWindowController.xib */ = {isa = PBXFileReference; fileEncoding = 4; lastKnownFileType = file.xib; name = GLAPrototypeAWindowController.xib; path = ../GLAPrototypeAWindowController.xib; sourceTree = "<group>"; };
		B2ADDC0A1964E3E10014EF84 /* GLAPrototypeAFilesViewController.h */ = {isa = PBXFileReference; fileEncoding = 4; lastKnownFileType = sourcecode.c.h; path = GLAPrototypeAFilesViewController.h; sourceTree = "<group>"; };
		B2ADDC0B1964E3E10014EF84 /* GLAPrototypeAFilesViewController.m */ = {isa = PBXFileReference; fileEncoding = 4; lastKnownFileType = sourcecode.c.objc; path = GLAPrototypeAFilesViewController.m; sourceTree = "<group>"; };
		B2ADDC0C1964E3E10014EF84 /* GLAPrototypeAFilesViewController.xib */ = {isa = PBXFileReference; fileEncoding = 4; lastKnownFileType = file.xib; path = GLAPrototypeAFilesViewController.xib; sourceTree = "<group>"; };
		B2C5FD2B1988AB0200AEFBAF /* GLAProjectManager.h */ = {isa = PBXFileReference; fileEncoding = 4; lastKnownFileType = sourcecode.c.h; path = GLAProjectManager.h; sourceTree = "<group>"; };
		B2C5FD2C1988AB0200AEFBAF /* GLAProjectManager.m */ = {isa = PBXFileReference; fileEncoding = 4; lastKnownFileType = sourcecode.c.objc; path = GLAProjectManager.m; sourceTree = "<group>"; };
		B2C7F285196FFFDF005780B4 /* GLAView.h */ = {isa = PBXFileReference; fileEncoding = 4; lastKnownFileType = sourcecode.c.h; path = GLAView.h; sourceTree = "<group>"; };
		B2C7F286196FFFDF005780B4 /* GLAView.m */ = {isa = PBXFileReference; fileEncoding = 4; lastKnownFileType = sourcecode.c.objc; path = GLAView.m; sourceTree = "<group>"; };
		B2C7F288197023EF005780B4 /* GLAProjectsListViewController.h */ = {isa = PBXFileReference; fileEncoding = 4; lastKnownFileType = sourcecode.c.h; path = GLAProjectsListViewController.h; sourceTree = "<group>"; };
		B2C7F289197023EF005780B4 /* GLAProjectsListViewController.m */ = {isa = PBXFileReference; fileEncoding = 4; lastKnownFileType = sourcecode.c.objc; path = GLAProjectsListViewController.m; sourceTree = "<group>"; };
		B2C7F28A197023EF005780B4 /* GLAProjectsListViewController.xib */ = {isa = PBXFileReference; fileEncoding = 4; lastKnownFileType = file.xib; path = GLAProjectsListViewController.xib; sourceTree = "<group>"; };
		B2C7F28D19704A2C005780B4 /* GLAProjectOverviewTableCellView.h */ = {isa = PBXFileReference; fileEncoding = 4; lastKnownFileType = sourcecode.c.h; path = GLAProjectOverviewTableCellView.h; sourceTree = "<group>"; };
		B2C7F28E19704A2C005780B4 /* GLAProjectOverviewTableCellView.m */ = {isa = PBXFileReference; fileEncoding = 4; lastKnownFileType = sourcecode.c.objc; path = GLAProjectOverviewTableCellView.m; sourceTree = "<group>"; };
		B2C7F2901970D5D3005780B4 /* GLAMainWindow.h */ = {isa = PBXFileReference; fileEncoding = 4; lastKnownFileType = sourcecode.c.h; path = GLAMainWindow.h; sourceTree = "<group>"; };
		B2C7F2911970D5D3005780B4 /* GLAMainWindow.m */ = {isa = PBXFileReference; fileEncoding = 4; lastKnownFileType = sourcecode.c.objc; path = GLAMainWindow.m; sourceTree = "<group>"; };
		B2C7F29619739239005780B4 /* GLAViewController.h */ = {isa = PBXFileReference; fileEncoding = 4; lastKnownFileType = sourcecode.c.h; path = GLAViewController.h; sourceTree = "<group>"; };
		B2C7F29719739239005780B4 /* GLAViewController.m */ = {isa = PBXFileReference; fileEncoding = 4; lastKnownFileType = sourcecode.c.objc; path = GLAViewController.m; sourceTree = "<group>"; };
		B2C7F29B1973998C005780B4 /* GLAProjectActionsBarController.h */ = {isa = PBXFileReference; fileEncoding = 4; lastKnownFileType = sourcecode.c.h; path = GLAProjectActionsBarController.h; sourceTree = "<group>"; };
		B2C7F29C1973998C005780B4 /* GLAProjectActionsBarController.m */ = {isa = PBXFileReference; fileEncoding = 4; lastKnownFileType = sourcecode.c.objc; path = GLAProjectActionsBarController.m; sourceTree = "<group>"; };
		B2F0DBB019923887001AB5EE /* com.burntcaramel.Blik.Mac.QuickLook-Preview.xpc */ = {isa = PBXFileReference; explicitFileType = wrapper.cfbundle; includeInIndex = 0; path = "com.burntcaramel.Blik.Mac.QuickLook-Preview.xpc"; sourceTree = BUILT_PRODUCTS_DIR; };
		B2F0DBB119923887001AB5EE /* Foundation.framework */ = {isa = PBXFileReference; lastKnownFileType = wrapper.framework; name = Foundation.framework; path = System/Library/Frameworks/Foundation.framework; sourceTree = SDKROOT; };
		B2F0DBB519923887001AB5EE /* QuickLook Preview-Info.plist */ = {isa = PBXFileReference; lastKnownFileType = text.plist.xml; path = "QuickLook Preview-Info.plist"; sourceTree = "<group>"; };
		B2F0DBB719923887001AB5EE /* en */ = {isa = PBXFileReference; lastKnownFileType = text.plist.strings; name = en; path = en.lproj/InfoPlist.strings; sourceTree = "<group>"; };
		B2F0DBB919923887001AB5EE /* QuickLook Preview-Prefix.pch */ = {isa = PBXFileReference; lastKnownFileType = sourcecode.c.h; path = "QuickLook Preview-Prefix.pch"; sourceTree = "<group>"; };
		B2F0DBBA19923887001AB5EE /* main.m */ = {isa = PBXFileReference; lastKnownFileType = sourcecode.c.objc; path = main.m; sourceTree = "<group>"; };
		B2F0DBBF1992607B001AB5EE /* GLAMainContentSection.h */ = {isa = PBXFileReference; fileEncoding = 4; lastKnownFileType = sourcecode.c.h; path = GLAMainContentSection.h; sourceTree = "<group>"; };
		B2F0DBC01992607B001AB5EE /* GLAMainContentSection.m */ = {isa = PBXFileReference; fileEncoding = 4; lastKnownFileType = sourcecode.c.objc; path = GLAMainContentSection.m; sourceTree = "<group>"; };
		B2F0DBC319936321001AB5EE /* GLAChooseRemindersViewController.h */ = {isa = PBXFileReference; fileEncoding = 4; lastKnownFileType = sourcecode.c.h; path = GLAChooseRemindersViewController.h; sourceTree = "<group>"; };
		B2F0DBC419936321001AB5EE /* GLAChooseRemindersViewController.m */ = {isa = PBXFileReference; fileEncoding = 4; lastKnownFileType = sourcecode.c.objc; path = GLAChooseRemindersViewController.m; sourceTree = "<group>"; };
		B2F0DBC519936321001AB5EE /* GLAChooseRemindersViewController.xib */ = {isa = PBXFileReference; fileEncoding = 4; lastKnownFileType = file.xib; path = GLAChooseRemindersViewController.xib; sourceTree = "<group>"; };
		B2F0DBC8199449FB001AB5EE /* GLAPopUpButton.h */ = {isa = PBXFileReference; fileEncoding = 4; lastKnownFileType = sourcecode.c.h; path = GLAPopUpButton.h; sourceTree = "<group>"; };
		B2F0DBC9199449FB001AB5EE /* GLAPopUpButton.m */ = {isa = PBXFileReference; fileEncoding = 4; lastKnownFileType = sourcecode.c.objc; path = GLAPopUpButton.m; sourceTree = "<group>"; };
		B2F0DBCB1994C854001AB5EE /* GLATextField.h */ = {isa = PBXFileReference; fileEncoding = 4; lastKnownFileType = sourcecode.c.h; path = GLATextField.h; sourceTree = "<group>"; };
		B2F0DBCC1994C854001AB5EE /* GLATextField.m */ = {isa = PBXFileReference; fileEncoding = 4; lastKnownFileType = sourcecode.c.objc; path = GLATextField.m; sourceTree = "<group>"; };
/* End PBXFileReference section */

/* Begin PBXFrameworksBuildPhase section */
		B2ADDBCB1963DA2E0014EF84 /* Frameworks */ = {
			isa = PBXFrameworksBuildPhase;
			buildActionMask = 2147483647;
			files = (
				B2ADDBD21963DA2E0014EF84 /* Cocoa.framework in Frameworks */,
				ACAA15FDD8554126A606F258 /* libPods-Blik.a in Frameworks */,
			);
			runOnlyForDeploymentPostprocessing = 0;
		};
		B2ADDBEC1963DA2E0014EF84 /* Frameworks */ = {
			isa = PBXFrameworksBuildPhase;
			buildActionMask = 2147483647;
			files = (
				B2ADDBF21963DA2E0014EF84 /* Cocoa.framework in Frameworks */,
				B2ADDBF11963DA2E0014EF84 /* XCTest.framework in Frameworks */,
			);
			runOnlyForDeploymentPostprocessing = 0;
		};
		B2F0DBAD19923887001AB5EE /* Frameworks */ = {
			isa = PBXFrameworksBuildPhase;
			buildActionMask = 2147483647;
			files = (
				B2F0DBB219923887001AB5EE /* Foundation.framework in Frameworks */,
			);
			runOnlyForDeploymentPostprocessing = 0;
		};
/* End PBXFrameworksBuildPhase section */

/* Begin PBXGroup section */
		B208E3F319F51607000EF97B /* Collection Details */ = {
			isa = PBXGroup;
			children = (
				B208E3EE19F51551000EF97B /* GLAEditCollectionDetailsViewController.h */,
				B208E3EF19F51551000EF97B /* GLAEditCollectionDetailsViewController.m */,
				B208E3F019F51551000EF97B /* GLAEditCollectionDetailsViewController.xib */,
				B208E3F419F518D5000EF97B /* GLAEditCollectionDetailsPopover.h */,
				B208E3F519F518D5000EF97B /* GLAEditCollectionDetailsPopover.m */,
			);
			name = "Collection Details";
			sourceTree = "<group>";
		};
		B208E3F719F8E36E000EF97B /* Highlighted Item */ = {
			isa = PBXGroup;
			children = (
				B208E3F819F8E38F000EF97B /* GLAHighlightedItem.h */,
				B208E3F919F8E38F000EF97B /* GLAHighlightedItem.m */,
			);
			name = "Highlighted Item";
			sourceTree = "<group>";
		};
		B208E40419F91B6E000EF97B /* Array Editing */ = {
			isa = PBXGroup;
			children = (
				B22E80C8198F65A9005C4108 /* GLAArrayEditing.h */,
				B22E80C5198F654E005C4108 /* GLAArrayEditor.h */,
				B22E80C6198F654E005C4108 /* GLAArrayEditor.m */,
				B208E3E919F1E1D2000EF97B /* GLAArrayEditorStore.h */,
				B208E3EA19F1E1D2000EF97B /* GLAArrayEditorStore.m */,
			);
			name = "Array Editing";
			sourceTree = "<group>";
		};
		B219DAA4196AB665007900DF /* View Controller */ = {
			isa = PBXGroup;
			children = (
				B2C7F29619739239005780B4 /* GLAViewController.h */,
				B2C7F29719739239005780B4 /* GLAViewController.m */,
				B2F0DBC2199327D9001AB5EE /* State */,
				B219DA9F196AB65D007900DF /* GLAMainWindowController.h */,
				B219DAA0196AB65D007900DF /* GLAMainWindowController.m */,
				B219DAA1196AB65D007900DF /* GLAMainWindowController.xib */,
				B22E80CD198F98B2005C4108 /* GLAMainContentViewController.h */,
				B22E80CE198F98B2005C4108 /* GLAMainContentViewController.m */,
				B24B3608196E336E0094FA1F /* GLAMainNavigationBarController.h */,
				B24B3609196E336E0094FA1F /* GLAMainNavigationBarController.m */,
				B24B360A196E336E0094FA1F /* GLAMainNavigationBarController.xib */,
				B2C7F29919739925005780B4 /* Single Project */,
				B2C7F29A1973993A005780B4 /* Projects List */,
				B226E9521988CFCA00D607CC /* Collections */,
				B260F85619ADC92D002E3753 /* Status Item */,
			);
			name = "View Controller";
			sourceTree = "<group>";
		};
		B219DAA5196AB66A007900DF /* A */ = {
			isa = PBXGroup;
			children = (
				B2ADDC051963DA970014EF84 /* GLAPrototypeAWindowController.h */,
				B2ADDC061963DA970014EF84 /* GLAPrototypeAWindowController.m */,
				B2ADDC071963DA970014EF84 /* GLAPrototypeAWindowController.xib */,
				B2ADDC0A1964E3E10014EF84 /* GLAPrototypeAFilesViewController.h */,
				B2ADDC0B1964E3E10014EF84 /* GLAPrototypeAFilesViewController.m */,
				B2ADDC0C1964E3E10014EF84 /* GLAPrototypeAFilesViewController.xib */,
			);
			name = A;
			sourceTree = "<group>";
		};
		B219DAB7196AD69D007900DF /* Style (Colours) */ = {
			isa = PBXGroup;
			children = (
				B219DAB4196AD698007900DF /* GLAUIStyle.h */,
				B219DAB5196AD698007900DF /* GLAUIStyle.m */,
				B26659ED19A37C3C003C4EA4 /* NSColor+GLAExtras.h */,
				B26659EE19A37C3C003C4EA4 /* NSColor+GLAExtras.m */,
			);
			name = "Style (Colours)";
			sourceTree = "<group>";
		};
		B226E9521988CFCA00D607CC /* Collections */ = {
			isa = PBXGroup;
			children = (
				B2214E1519D6848200DE2C71 /* GLAAddNewCollectionViewController.h */,
				B2214E1619D6848200DE2C71 /* GLAAddNewCollectionViewController.m */,
				B2214E1719D6848200DE2C71 /* GLAAddNewCollectionViewController.xib */,
				B226E9561988D00C00D607CC /* GLAFileCollectionViewController.h */,
				B226E9571988D00C00D607CC /* GLAFileCollectionViewController.m */,
				B226E9581988D00C00D607CC /* GLAFileCollectionViewController.xib */,
				B25591F619C8456F0039D2AC /* Color Pickers */,
				B208E3F319F51607000EF97B /* Collection Details */,
			);
			name = Collections;
			sourceTree = "<group>";
		};
		B226E95E1988D36300D607CC /* Collection Content */ = {
			isa = PBXGroup;
			children = (
				B22E80C2198CAE38005C4108 /* GLACollectedFile.h */,
				B22E80C3198CAE38005C4108 /* GLACollectedFile.m */,
				B22E80C9198F8971005C4108 /* GLAFileInfoRetriever.h */,
				B22E80CA198F8971005C4108 /* GLAFileInfoRetriever.m */,
			);
			name = "Collection Content";
			sourceTree = "<group>";
		};
		B24B3604196D1F4D0094FA1F /* Model */ = {
			isa = PBXGroup;
			children = (
				B208E40419F91B6E000EF97B /* Array Editing */,
				B208E40119F91B66000EF97B /* GLAModel.h */,
				B208E40219F91B66000EF97B /* GLAModel.m */,
				B2841B3119809E15005BB6A3 /* GLAProject.h */,
				B2841B3219809E15005BB6A3 /* GLAProject.m */,
				B284D5601978EC1F00157126 /* GLACollection.h */,
				B284D5611978EC1F00157126 /* GLACollection.m */,
				B25591FC19C846920039D2AC /* GLACollectionColor.h */,
				B25591FD19C846920039D2AC /* GLACollectionColor.m */,
				B226E95E1988D36300D607CC /* Collection Content */,
				B208E3F719F8E36E000EF97B /* Highlighted Item */,
				B24B3605196D1F720094FA1F /* GLAReminder.h */,
				B24B3606196D1F720094FA1F /* GLAReminder.m */,
				B29F8DD81980D45400F58F59 /* NSValueTransformer+GLAModel.h */,
				B29F8DD91980D45400F58F59 /* NSValueTransformer+GLAModel.m */,
				B2174F7A19BEDBDF00BAE041 /* GLAModelErrors.h */,
				B2174F7B19BEDBDF00BAE041 /* GLAModelErrors.m */,
				B208E3FE19F914A7000EF97B /* GLAObjectNotificationRepresenter.h */,
				B208E3FF19F914A7000EF97B /* GLAObjectNotificationRepresenter.m */,
			);
			name = Model;
			sourceTree = "<group>";
		};
		B25591F619C8456F0039D2AC /* Color Pickers */ = {
			isa = PBXGroup;
			children = (
				B25591F719C845900039D2AC /* GLACollectionColorPickerViewController.h */,
				B25591F819C845900039D2AC /* GLACollectionColorPickerViewController.m */,
				B25591F919C845900039D2AC /* GLACollectionColorPickerViewController.xib */,
				B255920219C8508C0039D2AC /* GLACollectionViewColorChoiceItem.h */,
				B255920319C8508C0039D2AC /* GLACollectionViewColorChoiceItem.m */,
				B25591FF19C84E4B0039D2AC /* GLAColorChoiceView.h */,
				B255920019C84E4B0039D2AC /* GLAColorChoiceView.m */,
				B292453319DB5BE100DD30CB /* GLACollectionColorPickerPopover.h */,
				B292453419DB5BE100DD30CB /* GLACollectionColorPickerPopover.m */,
			);
			name = "Color Pickers";
			sourceTree = "<group>";
		};
		B260F85619ADC92D002E3753 /* Status Item */ = {
			isa = PBXGroup;
			children = (
				B260F85319ADC91A002E3753 /* GLAStatusItemController.h */,
				B260F85419ADC91A002E3753 /* GLAStatusItemController.m */,
			);
			name = "Status Item";
			sourceTree = "<group>";
		};
		B26B6F4A19EBDB0700D17ECD /* Project View */ = {
			isa = PBXGroup;
			children = (
				B26B6F4B19EBDB3200D17ECD /* GLAProjectCollectionsViewController.h */,
				B26B6F4C19EBDB3200D17ECD /* GLAProjectCollectionsViewController.m */,
				B26B6F4719EBDB0100D17ECD /* GLAProjectPlanViewController.h */,
				B26B6F4819EBDB0100D17ECD /* GLAProjectPlanViewController.m */,
				B208E3FB19F90CFA000EF97B /* GLAProjectHighlightsViewController.h */,
				B208E3FC19F90CFA000EF97B /* GLAProjectHighlightsViewController.m */,
				B219DAAF196AD462007900DF /* GLAProjectViewController.h */,
				B219DAB0196AD462007900DF /* GLAProjectViewController.m */,
				B219DAB1196AD462007900DF /* GLAProjectViewController.xib */,
			);
			name = "Project View";
			sourceTree = "<group>";
		};
		B2ADDBC51963DA2E0014EF84 = {
			isa = PBXGroup;
			children = (
				B22E80CC198F8B13005C4108 /* Blik.entitlements */,
				B2ADDBD71963DA2E0014EF84 /* Blik Mac */,
				B2ADDBF51963DA2E0014EF84 /* Blik Tests */,
				B2F0DBB319923887001AB5EE /* QuickLook Preview */,
				B2ADDBD01963DA2E0014EF84 /* Frameworks */,
				B2ADDBCF1963DA2E0014EF84 /* Products */,
				0B4ACAFDF5CB4F2F9F98B3F3 /* Pods-Blik.xcconfig */,
			);
			sourceTree = "<group>";
		};
		B2ADDBCF1963DA2E0014EF84 /* Products */ = {
			isa = PBXGroup;
			children = (
				B2ADDBCE1963DA2E0014EF84 /* Blik.app */,
				B2ADDBEF1963DA2E0014EF84 /* BlikTests.xctest */,
				B2F0DBB019923887001AB5EE /* com.burntcaramel.Blik.Mac.QuickLook-Preview.xpc */,
			);
			name = Products;
			sourceTree = "<group>";
		};
		B2ADDBD01963DA2E0014EF84 /* Frameworks */ = {
			isa = PBXGroup;
			children = (
				B2ADDBD11963DA2E0014EF84 /* Cocoa.framework */,
				B2ADDBF01963DA2E0014EF84 /* XCTest.framework */,
				B2F0DBB119923887001AB5EE /* Foundation.framework */,
				B2ADDBD31963DA2E0014EF84 /* Other Frameworks */,
				659FE625B2454CA095734DA4 /* libPods-Blik.a */,
			);
			name = Frameworks;
			sourceTree = "<group>";
		};
		B2ADDBD31963DA2E0014EF84 /* Other Frameworks */ = {
			isa = PBXGroup;
			children = (
				B2ADDBD41963DA2E0014EF84 /* AppKit.framework */,
				B2ADDBD51963DA2E0014EF84 /* CoreData.framework */,
				B2ADDBD61963DA2E0014EF84 /* Foundation.framework */,
			);
			name = "Other Frameworks";
			sourceTree = "<group>";
		};
		B2ADDBD71963DA2E0014EF84 /* Blik Mac */ = {
			isa = PBXGroup;
			children = (
				B2ADDBE31963DA2E0014EF84 /* GLAAppDelegate.h */,
				B2ADDBE41963DA2E0014EF84 /* GLAAppDelegate.m */,
				B2ADDBE61963DA2E0014EF84 /* MainMenu.xib */,
				B2ADDBE91963DA2E0014EF84 /* Images.xcassets */,
				B219DAA5196AB66A007900DF /* A */,
				B219DAB7196AD69D007900DF /* Style (Colours) */,
				B219DAA4196AB665007900DF /* View Controller */,
				B2C7F284196FFFC1005780B4 /* View */,
				B24B3604196D1F4D0094FA1F /* Model */,
				B2C5FD2E1988AB0A00AEFBAF /* Model Controllers */,
				B2ADDBD81963DA2E0014EF84 /* Supporting Files */,
			);
			path = "Blik Mac";
			sourceTree = "<group>";
		};
		B2ADDBD81963DA2E0014EF84 /* Supporting Files */ = {
			isa = PBXGroup;
			children = (
				B2ADDBD91963DA2E0014EF84 /* Blik-Info.plist */,
				B2ADDBDA1963DA2E0014EF84 /* InfoPlist.strings */,
				B2ADDBDD1963DA2E0014EF84 /* main.m */,
				B2ADDBDF1963DA2E0014EF84 /* Blik-Prefix.pch */,
				B2ADDBE01963DA2E0014EF84 /* Credits.rtf */,
			);
			name = "Supporting Files";
			sourceTree = "<group>";
		};
		B2ADDBF51963DA2E0014EF84 /* Blik Tests */ = {
			isa = PBXGroup;
			children = (
				B2ADDBFB1963DA2E0014EF84 /* Glance_Prototype_ATests.m */,
				B2ADDBF61963DA2E0014EF84 /* Supporting Files */,
			);
			path = "Blik Tests";
			sourceTree = "<group>";
		};
		B2ADDBF61963DA2E0014EF84 /* Supporting Files */ = {
			isa = PBXGroup;
			children = (
				B2ADDBF71963DA2E0014EF84 /* BlikTests-Info.plist */,
				B2ADDBF81963DA2E0014EF84 /* InfoPlist.strings */,
			);
			name = "Supporting Files";
			sourceTree = "<group>";
		};
		B2C5FD2E1988AB0A00AEFBAF /* Model Controllers */ = {
			isa = PBXGroup;
			children = (
				B2C5FD2B1988AB0200AEFBAF /* GLAProjectManager.h */,
				B2C5FD2C1988AB0200AEFBAF /* GLAProjectManager.m */,
				B29F8DDB1981139300F58F59 /* GLAReminderManager.h */,
				B29F8DDC1981139300F58F59 /* GLAReminderManager.m */,
			);
			name = "Model Controllers";
			sourceTree = "<group>";
		};
		B2C7F284196FFFC1005780B4 /* View */ = {
			isa = PBXGroup;
			children = (
				B2C7F2901970D5D3005780B4 /* GLAMainWindow.h */,
				B2C7F2911970D5D3005780B4 /* GLAMainWindow.m */,
				B2C7F285196FFFDF005780B4 /* GLAView.h */,
				B2C7F286196FFFDF005780B4 /* GLAView.m */,
				B219DAAC196ACE8D007900DF /* GLAProjectView.h */,
				B219DAAD196ACE8D007900DF /* GLAProjectView.m */,
				B219DAA6196AB7D6007900DF /* GLANavigationBar.h */,
				B219DAA7196AB7D6007900DF /* GLANavigationBar.m */,
				B23515311973BEAB00883FB3 /* GLAButton.h */,
				B23515321973BEAB00883FB3 /* GLAButton.m */,
				B219DAA9196AB8D1007900DF /* GLANavigationButton.h */,
				B219DAAA196AB8D1007900DF /* GLANavigationButton.m */,
				B28D217D1977C24000A12C6D /* GLAToggleButton.h */,
				B28D217E1977C24000A12C6D /* GLAToggleButton.m */,
				B2F0DBC8199449FB001AB5EE /* GLAPopUpButton.h */,
				B2F0DBC9199449FB001AB5EE /* GLAPopUpButton.m */,
				B2F0DBCB1994C854001AB5EE /* GLATextField.h */,
				B2F0DBCC1994C854001AB5EE /* GLATextField.m */,
				B28D21801977D6E600A12C6D /* GLATableProjectRowView.h */,
				B28D21811977D6E600A12C6D /* GLATableProjectRowView.m */,
				B25591F019C284040039D2AC /* GLATableContentRowView.h */,
				B25591F119C284040039D2AC /* GLATableContentRowView.m */,
				B268C2541990EACC000BF39B /* GLASplitView.h */,
				B268C2551990EACC000BF39B /* GLASplitView.m */,
				B26B6F4E19EBE3C800D17ECD /* GLATableView.h */,
				B26B6F4F19EBE3C800D17ECD /* GLATableView.m */,
			);
			name = View;
			sourceTree = "<group>";
		};
		B2C7F29919739925005780B4 /* Single Project */ = {
			isa = PBXGroup;
			children = (
				B25591F319C3CD0C0039D2AC /* GLATableActionsViewController.h */,
				B25591F419C3CD0D0039D2AC /* GLATableActionsViewController.m */,
				B26B6F4A19EBDB0700D17ECD /* Project View */,
				B26659E8199C60D7003C4EA4 /* GLAAddNewProjectViewController.h */,
				B26659E9199C60D7003C4EA4 /* GLAAddNewProjectViewController.m */,
				B26659EA199C60D7003C4EA4 /* GLAAddNewProjectViewController.xib */,
				B2C7F29B1973998C005780B4 /* GLAProjectActionsBarController.h */,
				B2C7F29C1973998C005780B4 /* GLAProjectActionsBarController.m */,
				B2F0DBC319936321001AB5EE /* GLAChooseRemindersViewController.h */,
				B2F0DBC419936321001AB5EE /* GLAChooseRemindersViewController.m */,
				B2F0DBC519936321001AB5EE /* GLAChooseRemindersViewController.xib */,
				B292453619E4058A00DD30CB /* GLANoNowProjectViewController.h */,
				B292453719E4058A00DD30CB /* GLANoNowProjectViewController.m */,
				B292453819E4058A00DD30CB /* GLANoNowProjectViewController.xib */,
			);
			name = "Single Project";
			sourceTree = "<group>";
		};
		B2C7F29A1973993A005780B4 /* Projects List */ = {
			isa = PBXGroup;
			children = (
				B2C7F288197023EF005780B4 /* GLAProjectsListViewController.h */,
				B2C7F289197023EF005780B4 /* GLAProjectsListViewController.m */,
				B2C7F28A197023EF005780B4 /* GLAProjectsListViewController.xib */,
				B2C7F28D19704A2C005780B4 /* GLAProjectOverviewTableCellView.h */,
				B2C7F28E19704A2C005780B4 /* GLAProjectOverviewTableCellView.m */,
			);
			name = "Projects List";
			sourceTree = "<group>";
		};
		B2F0DBB319923887001AB5EE /* QuickLook Preview */ = {
			isa = PBXGroup;
			children = (
				B2F0DBBA19923887001AB5EE /* main.m */,
				B2F0DBB419923887001AB5EE /* Supporting Files */,
			);
			path = "QuickLook Preview";
			sourceTree = "<group>";
		};
		B2F0DBB419923887001AB5EE /* Supporting Files */ = {
			isa = PBXGroup;
			children = (
				B2F0DBB519923887001AB5EE /* QuickLook Preview-Info.plist */,
				B2F0DBB619923887001AB5EE /* InfoPlist.strings */,
				B2F0DBB919923887001AB5EE /* QuickLook Preview-Prefix.pch */,
			);
			name = "Supporting Files";
			sourceTree = "<group>";
		};
		B2F0DBC2199327D9001AB5EE /* State */ = {
			isa = PBXGroup;
			children = (
				B2F0DBBF1992607B001AB5EE /* GLAMainContentSection.h */,
				B2F0DBC01992607B001AB5EE /* GLAMainContentSection.m */,
			);
			name = State;
			sourceTree = "<group>";
		};
/* End PBXGroup section */

/* Begin PBXNativeTarget section */
		B2ADDBCD1963DA2E0014EF84 /* Blik */ = {
			isa = PBXNativeTarget;
			buildConfigurationList = B2ADDBFF1963DA2E0014EF84 /* Build configuration list for PBXNativeTarget "Blik" */;
			buildPhases = (
				4A811E2FAFA944E1853AEFED /* Check Pods Manifest.lock */,
				B2ADDBCA1963DA2E0014EF84 /* Sources */,
				B2ADDBCB1963DA2E0014EF84 /* Frameworks */,
				B2ADDBCC1963DA2E0014EF84 /* Resources */,
				D28106D5506847EF9EACBD49 /* Copy Pods Resources */,
			);
			buildRules = (
			);
			dependencies = (
			);
			name = Blik;
			productName = "Glance Prototype A";
			productReference = B2ADDBCE1963DA2E0014EF84 /* Blik.app */;
			productType = "com.apple.product-type.application";
		};
		B2ADDBEE1963DA2E0014EF84 /* BlikTests */ = {
			isa = PBXNativeTarget;
			buildConfigurationList = B2ADDC021963DA2E0014EF84 /* Build configuration list for PBXNativeTarget "BlikTests" */;
			buildPhases = (
				B2ADDBEB1963DA2E0014EF84 /* Sources */,
				B2ADDBEC1963DA2E0014EF84 /* Frameworks */,
				B2ADDBED1963DA2E0014EF84 /* Resources */,
			);
			buildRules = (
			);
			dependencies = (
				B2ADDBF41963DA2E0014EF84 /* PBXTargetDependency */,
			);
			name = BlikTests;
			productName = "Glance Prototype ATests";
			productReference = B2ADDBEF1963DA2E0014EF84 /* BlikTests.xctest */;
			productType = "com.apple.product-type.bundle.unit-test";
		};
		B2F0DBAF19923887001AB5EE /* QuickLook Preview */ = {
			isa = PBXNativeTarget;
			buildConfigurationList = B2F0DBBE19923887001AB5EE /* Build configuration list for PBXNativeTarget "QuickLook Preview" */;
			buildPhases = (
				B2F0DBAC19923887001AB5EE /* Sources */,
				B2F0DBAD19923887001AB5EE /* Frameworks */,
				B2F0DBAE19923887001AB5EE /* Resources */,
			);
			buildRules = (
			);
			dependencies = (
			);
			name = "QuickLook Preview";
			productName = "QuickLook Preview";
			productReference = B2F0DBB019923887001AB5EE /* com.burntcaramel.Blik.Mac.QuickLook-Preview.xpc */;
			productType = "com.apple.product-type.bundle";
		};
/* End PBXNativeTarget section */

/* Begin PBXProject section */
		B2ADDBC61963DA2E0014EF84 /* Project object */ = {
			isa = PBXProject;
			attributes = {
				CLASSPREFIX = GLA;
				LastUpgradeCheck = 0510;
				ORGANIZATIONNAME = "Burnt Caramel";
				TargetAttributes = {
					B2ADDBCD1963DA2E0014EF84 = {
						SystemCapabilities = {
							com.apple.Sandbox = {
								enabled = 1;
							};
						};
					};
					B2ADDBEE1963DA2E0014EF84 = {
						TestTargetID = B2ADDBCD1963DA2E0014EF84;
					};
				};
			};
			buildConfigurationList = B2ADDBC91963DA2E0014EF84 /* Build configuration list for PBXProject "Blik" */;
			compatibilityVersion = "Xcode 3.2";
			developmentRegion = English;
			hasScannedForEncodings = 0;
			knownRegions = (
				en,
				Base,
			);
			mainGroup = B2ADDBC51963DA2E0014EF84;
			productRefGroup = B2ADDBCF1963DA2E0014EF84 /* Products */;
			projectDirPath = "";
			projectRoot = "";
			targets = (
				B2ADDBCD1963DA2E0014EF84 /* Blik */,
				B2ADDBEE1963DA2E0014EF84 /* BlikTests */,
				B2F0DBAF19923887001AB5EE /* QuickLook Preview */,
			);
		};
/* End PBXProject section */

/* Begin PBXResourcesBuildPhase section */
		B2ADDBCC1963DA2E0014EF84 /* Resources */ = {
			isa = PBXResourcesBuildPhase;
			buildActionMask = 2147483647;
			files = (
				B2ADDC091963DA970014EF84 /* GLAPrototypeAWindowController.xib in Resources */,
				B219DAB3196AD462007900DF /* GLAProjectViewController.xib in Resources */,
				B2F0DBC719936321001AB5EE /* GLAChooseRemindersViewController.xib in Resources */,
				B24B360C196E336E0094FA1F /* GLAMainNavigationBarController.xib in Resources */,
				B2ADDBDC1963DA2E0014EF84 /* InfoPlist.strings in Resources */,
				B2ADDC0E1964E3E10014EF84 /* GLAPrototypeAFilesViewController.xib in Resources */,
				B226E95A1988D00C00D607CC /* GLAFileCollectionViewController.xib in Resources */,
				B292453A19E4058A00DD30CB /* GLANoNowProjectViewController.xib in Resources */,
				B25591FB19C845900039D2AC /* GLACollectionColorPickerViewController.xib in Resources */,
				B26659EC199C60D7003C4EA4 /* GLAAddNewProjectViewController.xib in Resources */,
				B2C7F28C197023EF005780B4 /* GLAProjectsListViewController.xib in Resources */,
				B2ADDBEA1963DA2E0014EF84 /* Images.xcassets in Resources */,
				B2ADDBE21963DA2E0014EF84 /* Credits.rtf in Resources */,
				B219DAA3196AB65D007900DF /* GLAMainWindowController.xib in Resources */,
				B208E3F219F51551000EF97B /* GLAEditCollectionDetailsViewController.xib in Resources */,
				B2214E1919D6848200DE2C71 /* GLAAddNewCollectionViewController.xib in Resources */,
				B2ADDBE81963DA2E0014EF84 /* MainMenu.xib in Resources */,
			);
			runOnlyForDeploymentPostprocessing = 0;
		};
		B2ADDBED1963DA2E0014EF84 /* Resources */ = {
			isa = PBXResourcesBuildPhase;
			buildActionMask = 2147483647;
			files = (
				B2ADDBFA1963DA2E0014EF84 /* InfoPlist.strings in Resources */,
			);
			runOnlyForDeploymentPostprocessing = 0;
		};
		B2F0DBAE19923887001AB5EE /* Resources */ = {
			isa = PBXResourcesBuildPhase;
			buildActionMask = 2147483647;
			files = (
				B2F0DBB819923887001AB5EE /* InfoPlist.strings in Resources */,
			);
			runOnlyForDeploymentPostprocessing = 0;
		};
/* End PBXResourcesBuildPhase section */

/* Begin PBXShellScriptBuildPhase section */
		4A811E2FAFA944E1853AEFED /* Check Pods Manifest.lock */ = {
			isa = PBXShellScriptBuildPhase;
			buildActionMask = 2147483647;
			files = (
			);
			inputPaths = (
			);
			name = "Check Pods Manifest.lock";
			outputPaths = (
			);
			runOnlyForDeploymentPostprocessing = 0;
			shellPath = /bin/sh;
			shellScript = "diff \"${PODS_ROOT}/../Podfile.lock\" \"${PODS_ROOT}/Manifest.lock\" > /dev/null\nif [[ $? != 0 ]] ; then\n    cat << EOM\nerror: The sandbox is not in sync with the Podfile.lock. Run 'pod install' or update your CocoaPods installation.\nEOM\n    exit 1\nfi\n";
			showEnvVarsInLog = 0;
		};
		D28106D5506847EF9EACBD49 /* Copy Pods Resources */ = {
			isa = PBXShellScriptBuildPhase;
			buildActionMask = 2147483647;
			files = (
			);
			inputPaths = (
			);
			name = "Copy Pods Resources";
			outputPaths = (
			);
			runOnlyForDeploymentPostprocessing = 0;
			shellPath = /bin/sh;
			shellScript = "\"${SRCROOT}/Pods/Pods-Blik-resources.sh\"\n";
			showEnvVarsInLog = 0;
		};
/* End PBXShellScriptBuildPhase section */

/* Begin PBXSourcesBuildPhase section */
		B2ADDBCA1963DA2E0014EF84 /* Sources */ = {
			isa = PBXSourcesBuildPhase;
			buildActionMask = 2147483647;
			files = (
				B255920419C8508C0039D2AC /* GLACollectionViewColorChoiceItem.m in Sources */,
				B2C7F287196FFFDF005780B4 /* GLAView.m in Sources */,
				B25591F219C284040039D2AC /* GLATableContentRowView.m in Sources */,
				B2ADDC081963DA970014EF84 /* GLAPrototypeAWindowController.m in Sources */,
				B22E80CF198F98B2005C4108 /* GLAMainContentViewController.m in Sources */,
				B26B6F4919EBDB0100D17ECD /* GLAProjectPlanViewController.m in Sources */,
				B208E40019F914A7000EF97B /* GLAObjectNotificationRepresenter.m in Sources */,
				B208E3FD19F90CFA000EF97B /* GLAProjectHighlightsViewController.m in Sources */,
				B29F8DDD1981139300F58F59 /* GLAReminderManager.m in Sources */,
				B2F0DBC619936321001AB5EE /* GLAChooseRemindersViewController.m in Sources */,
				B28D21821977D6E600A12C6D /* GLATableProjectRowView.m in Sources */,
				B260F85519ADC91A002E3753 /* GLAStatusItemController.m in Sources */,
				B219DAA2196AB65D007900DF /* GLAMainWindowController.m in Sources */,
				B2174F7C19BEDBDF00BAE041 /* GLAModelErrors.m in Sources */,
				B24B360B196E336E0094FA1F /* GLAMainNavigationBarController.m in Sources */,
				B2C7F29D1973998C005780B4 /* GLAProjectActionsBarController.m in Sources */,
				B25591F519C3CD0D0039D2AC /* GLATableActionsViewController.m in Sources */,
				B219DAB6196AD698007900DF /* GLAUIStyle.m in Sources */,
				B2F0DBC11992607B001AB5EE /* GLAMainContentSection.m in Sources */,
				B2ADDBDE1963DA2E0014EF84 /* main.m in Sources */,
				B219DAAE196ACE8D007900DF /* GLAProjectView.m in Sources */,
				B2841B3319809E15005BB6A3 /* GLAProject.m in Sources */,
				B292453919E4058A00DD30CB /* GLANoNowProjectViewController.m in Sources */,
				B26B6F5019EBE3C800D17ECD /* GLATableView.m in Sources */,
				B226E9591988D00C00D607CC /* GLAFileCollectionViewController.m in Sources */,
				B22E80C7198F654E005C4108 /* GLAArrayEditor.m in Sources */,
				B22E80C4198CAE38005C4108 /* GLACollectedFile.m in Sources */,
				B255920119C84E4B0039D2AC /* GLAColorChoiceView.m in Sources */,
				B23515331973BEAB00883FB3 /* GLAButton.m in Sources */,
				B2C7F28F19704A2C005780B4 /* GLAProjectOverviewTableCellView.m in Sources */,
				B208E3F119F51551000EF97B /* GLAEditCollectionDetailsViewController.m in Sources */,
				B2C7F29819739239005780B4 /* GLAViewController.m in Sources */,
				B292453519DB5BE100DD30CB /* GLACollectionColorPickerPopover.m in Sources */,
				B2F0DBCD1994C854001AB5EE /* GLATextField.m in Sources */,
				B26659EB199C60D7003C4EA4 /* GLAAddNewProjectViewController.m in Sources */,
				B2ADDC0D1964E3E10014EF84 /* GLAPrototypeAFilesViewController.m in Sources */,
				B29F8DDA1980D45400F58F59 /* NSValueTransformer+GLAModel.m in Sources */,
				B24B3607196D1F720094FA1F /* GLAReminder.m in Sources */,
				B2C7F28B197023EF005780B4 /* GLAProjectsListViewController.m in Sources */,
				B2F0DBCA199449FB001AB5EE /* GLAPopUpButton.m in Sources */,
				B28D217F1977C24000A12C6D /* GLAToggleButton.m in Sources */,
				B26B6F4D19EBDB3200D17ECD /* GLAProjectCollectionsViewController.m in Sources */,
				B208E40319F91B66000EF97B /* GLAModel.m in Sources */,
				B22E80CB198F8971005C4108 /* GLAFileInfoRetriever.m in Sources */,
				B2C7F2921970D5D3005780B4 /* GLAMainWindow.m in Sources */,
				B219DAB2196AD462007900DF /* GLAProjectViewController.m in Sources */,
				B208E3FA19F8E38F000EF97B /* GLAHighlightedItem.m in Sources */,
				B208E3EB19F1E1D2000EF97B /* GLAArrayEditorStore.m in Sources */,
				B2214E1819D6848200DE2C71 /* GLAAddNewCollectionViewController.m in Sources */,
				B219DAAB196AB8D1007900DF /* GLANavigationButton.m in Sources */,
				B25591FA19C845900039D2AC /* GLACollectionColorPickerViewController.m in Sources */,
				B219DAA8196AB7D6007900DF /* GLANavigationBar.m in Sources */,
				B208E3F619F518D5000EF97B /* GLAEditCollectionDetailsPopover.m in Sources */,
				B2C5FD2D1988AB0200AEFBAF /* GLAProjectManager.m in Sources */,
				B25591FE19C846920039D2AC /* GLACollectionColor.m in Sources */,
				B2ADDBE51963DA2E0014EF84 /* GLAAppDelegate.m in Sources */,
				B268C2561990EACC000BF39B /* GLASplitView.m in Sources */,
				B284D5621978EC1F00157126 /* GLACollection.m in Sources */,
				B26659EF19A37C3C003C4EA4 /* NSColor+GLAExtras.m in Sources */,
			);
			runOnlyForDeploymentPostprocessing = 0;
		};
		B2ADDBEB1963DA2E0014EF84 /* Sources */ = {
			isa = PBXSourcesBuildPhase;
			buildActionMask = 2147483647;
			files = (
				B2ADDBFC1963DA2E0014EF84 /* Glance_Prototype_ATests.m in Sources */,
			);
			runOnlyForDeploymentPostprocessing = 0;
		};
		B2F0DBAC19923887001AB5EE /* Sources */ = {
			isa = PBXSourcesBuildPhase;
			buildActionMask = 2147483647;
			files = (
				B2F0DBBB19923887001AB5EE /* main.m in Sources */,
			);
			runOnlyForDeploymentPostprocessing = 0;
		};
/* End PBXSourcesBuildPhase section */

/* Begin PBXTargetDependency section */
		B2ADDBF41963DA2E0014EF84 /* PBXTargetDependency */ = {
			isa = PBXTargetDependency;
			target = B2ADDBCD1963DA2E0014EF84 /* Blik */;
			targetProxy = B2ADDBF31963DA2E0014EF84 /* PBXContainerItemProxy */;
		};
/* End PBXTargetDependency section */

/* Begin PBXVariantGroup section */
		B2ADDBDA1963DA2E0014EF84 /* InfoPlist.strings */ = {
			isa = PBXVariantGroup;
			children = (
				B2ADDBDB1963DA2E0014EF84 /* en */,
			);
			name = InfoPlist.strings;
			sourceTree = "<group>";
		};
		B2ADDBE01963DA2E0014EF84 /* Credits.rtf */ = {
			isa = PBXVariantGroup;
			children = (
				B2ADDBE11963DA2E0014EF84 /* en */,
			);
			name = Credits.rtf;
			sourceTree = "<group>";
		};
		B2ADDBE61963DA2E0014EF84 /* MainMenu.xib */ = {
			isa = PBXVariantGroup;
			children = (
				B2ADDBE71963DA2E0014EF84 /* Base */,
			);
			name = MainMenu.xib;
			sourceTree = "<group>";
		};
		B2ADDBF81963DA2E0014EF84 /* InfoPlist.strings */ = {
			isa = PBXVariantGroup;
			children = (
				B2ADDBF91963DA2E0014EF84 /* en */,
			);
			name = InfoPlist.strings;
			sourceTree = "<group>";
		};
		B2F0DBB619923887001AB5EE /* InfoPlist.strings */ = {
			isa = PBXVariantGroup;
			children = (
				B2F0DBB719923887001AB5EE /* en */,
			);
			name = InfoPlist.strings;
			sourceTree = "<group>";
		};
/* End PBXVariantGroup section */

/* Begin XCBuildConfiguration section */
		B2ADDBFD1963DA2E0014EF84 /* Debug */ = {
			isa = XCBuildConfiguration;
			buildSettings = {
				ALWAYS_SEARCH_USER_PATHS = NO;
				CLANG_CXX_LANGUAGE_STANDARD = "gnu++0x";
				CLANG_CXX_LIBRARY = "libc++";
				CLANG_ENABLE_MODULES = YES;
				CLANG_ENABLE_OBJC_ARC = YES;
				CLANG_WARN_BOOL_CONVERSION = YES;
				CLANG_WARN_CONSTANT_CONVERSION = YES;
				CLANG_WARN_DIRECT_OBJC_ISA_USAGE = YES_ERROR;
				CLANG_WARN_EMPTY_BODY = YES;
				CLANG_WARN_ENUM_CONVERSION = YES;
				CLANG_WARN_INT_CONVERSION = YES;
				CLANG_WARN_OBJC_ROOT_CLASS = YES_ERROR;
				CLANG_WARN__DUPLICATE_METHOD_MATCH = YES;
				COPY_PHASE_STRIP = NO;
				GCC_C_LANGUAGE_STANDARD = gnu99;
				GCC_DYNAMIC_NO_PIC = NO;
				GCC_ENABLE_OBJC_EXCEPTIONS = YES;
				GCC_OPTIMIZATION_LEVEL = 0;
				GCC_PREPROCESSOR_DEFINITIONS = (
					"DEBUG=1",
					"$(inherited)",
				);
				GCC_SYMBOLS_PRIVATE_EXTERN = NO;
				GCC_WARN_64_TO_32_BIT_CONVERSION = YES;
				GCC_WARN_ABOUT_RETURN_TYPE = YES_ERROR;
				GCC_WARN_UNDECLARED_SELECTOR = YES;
				GCC_WARN_UNINITIALIZED_AUTOS = YES_AGGRESSIVE;
				GCC_WARN_UNUSED_FUNCTION = YES;
				GCC_WARN_UNUSED_VARIABLE = YES;
				MACOSX_DEPLOYMENT_TARGET = 10.9;
				ONLY_ACTIVE_ARCH = YES;
				SDKROOT = macosx;
			};
			name = Debug;
		};
		B2ADDBFE1963DA2E0014EF84 /* Release */ = {
			isa = XCBuildConfiguration;
			buildSettings = {
				ALWAYS_SEARCH_USER_PATHS = NO;
				CLANG_CXX_LANGUAGE_STANDARD = "gnu++0x";
				CLANG_CXX_LIBRARY = "libc++";
				CLANG_ENABLE_MODULES = YES;
				CLANG_ENABLE_OBJC_ARC = YES;
				CLANG_WARN_BOOL_CONVERSION = YES;
				CLANG_WARN_CONSTANT_CONVERSION = YES;
				CLANG_WARN_DIRECT_OBJC_ISA_USAGE = YES_ERROR;
				CLANG_WARN_EMPTY_BODY = YES;
				CLANG_WARN_ENUM_CONVERSION = YES;
				CLANG_WARN_INT_CONVERSION = YES;
				CLANG_WARN_OBJC_ROOT_CLASS = YES_ERROR;
				CLANG_WARN__DUPLICATE_METHOD_MATCH = YES;
				COPY_PHASE_STRIP = YES;
				DEBUG_INFORMATION_FORMAT = "dwarf-with-dsym";
				ENABLE_NS_ASSERTIONS = NO;
				GCC_C_LANGUAGE_STANDARD = gnu99;
				GCC_ENABLE_OBJC_EXCEPTIONS = YES;
				GCC_WARN_64_TO_32_BIT_CONVERSION = YES;
				GCC_WARN_ABOUT_RETURN_TYPE = YES_ERROR;
				GCC_WARN_UNDECLARED_SELECTOR = YES;
				GCC_WARN_UNINITIALIZED_AUTOS = YES_AGGRESSIVE;
				GCC_WARN_UNUSED_FUNCTION = YES;
				GCC_WARN_UNUSED_VARIABLE = YES;
				MACOSX_DEPLOYMENT_TARGET = 10.9;
				SDKROOT = macosx;
			};
			name = Release;
		};
		B2ADDC001963DA2E0014EF84 /* Debug */ = {
			isa = XCBuildConfiguration;
			baseConfigurationReference = 0B4ACAFDF5CB4F2F9F98B3F3 /* Pods-Blik.xcconfig */;
			buildSettings = {
				ASSETCATALOG_COMPILER_APPICON_NAME = AppIcon;
				CLANG_WARN_OBJC_IMPLICIT_RETAIN_SELF = YES;
				CLANG_WARN_OBJC_RECEIVER_WEAK = YES;
				CLANG_WARN_OBJC_REPEATED_USE_OF_WEAK = YES;
				CODE_SIGN_ENTITLEMENTS = Blik.entitlements;
				CODE_SIGN_IDENTITY = "-";
				COMBINE_HIDPI_IMAGES = YES;
				GCC_PRECOMPILE_PREFIX_HEADER = YES;
				GCC_PREFIX_HEADER = "Blik Mac/Blik-Prefix.pch";
				INFOPLIST_FILE = "Blik Mac/Blik-Info.plist";
				PRODUCT_NAME = Blik;
				WRAPPER_EXTENSION = app;
			};
			name = Debug;
		};
		B2ADDC011963DA2E0014EF84 /* Release */ = {
			isa = XCBuildConfiguration;
			baseConfigurationReference = 0B4ACAFDF5CB4F2F9F98B3F3 /* Pods-Blik.xcconfig */;
			buildSettings = {
				ASSETCATALOG_COMPILER_APPICON_NAME = AppIcon;
				CLANG_WARN_OBJC_IMPLICIT_RETAIN_SELF = YES;
				CLANG_WARN_OBJC_RECEIVER_WEAK = YES;
				CLANG_WARN_OBJC_REPEATED_USE_OF_WEAK = YES;
				CODE_SIGN_ENTITLEMENTS = Blik.entitlements;
				CODE_SIGN_IDENTITY = "-";
				COMBINE_HIDPI_IMAGES = YES;
				GCC_PRECOMPILE_PREFIX_HEADER = YES;
				GCC_PREFIX_HEADER = "Blik Mac/Blik-Prefix.pch";
				INFOPLIST_FILE = "Blik Mac/Blik-Info.plist";
				PRODUCT_NAME = Blik;
				WRAPPER_EXTENSION = app;
			};
			name = Release;
		};
		B2ADDC031963DA2E0014EF84 /* Debug */ = {
			isa = XCBuildConfiguration;
			buildSettings = {
				BUNDLE_LOADER = "$(BUILT_PRODUCTS_DIR)/Blik.app/Contents/MacOS/Blik";
				COMBINE_HIDPI_IMAGES = YES;
				FRAMEWORK_SEARCH_PATHS = (
					"$(DEVELOPER_FRAMEWORKS_DIR)",
					"$(inherited)",
				);
				GCC_PRECOMPILE_PREFIX_HEADER = YES;
				GCC_PREFIX_HEADER = "Glance Prototype A/Glance Prototype A-Prefix.pch";
				GCC_PREPROCESSOR_DEFINITIONS = (
					"DEBUG=1",
					"$(inherited)",
				);
				INFOPLIST_FILE = "Glance Prototype ATests/BlikTests-Info.plist";
				PRODUCT_NAME = BlikTests;
				TEST_HOST = "$(BUNDLE_LOADER)";
				WRAPPER_EXTENSION = xctest;
			};
			name = Debug;
		};
		B2ADDC041963DA2E0014EF84 /* Release */ = {
			isa = XCBuildConfiguration;
			buildSettings = {
				BUNDLE_LOADER = "$(BUILT_PRODUCTS_DIR)/Blik.app/Contents/MacOS/Blik";
				COMBINE_HIDPI_IMAGES = YES;
				FRAMEWORK_SEARCH_PATHS = (
					"$(DEVELOPER_FRAMEWORKS_DIR)",
					"$(inherited)",
				);
				GCC_PRECOMPILE_PREFIX_HEADER = YES;
				GCC_PREFIX_HEADER = "Glance Prototype A/Glance Prototype A-Prefix.pch";
				INFOPLIST_FILE = "Glance Prototype ATests/BlikTests-Info.plist";
				PRODUCT_NAME = BlikTests;
				TEST_HOST = "$(BUNDLE_LOADER)";
				WRAPPER_EXTENSION = xctest;
			};
			name = Release;
		};
		B2F0DBBC19923887001AB5EE /* Debug */ = {
			isa = XCBuildConfiguration;
			buildSettings = {
				COMBINE_HIDPI_IMAGES = YES;
				GCC_PRECOMPILE_PREFIX_HEADER = YES;
				GCC_PREFIX_HEADER = "QuickLook Preview/QuickLook Preview-Prefix.pch";
				GCC_PREPROCESSOR_DEFINITIONS = (
					"DEBUG=1",
					"$(inherited)",
				);
				INFOPLIST_FILE = "QuickLook Preview/QuickLook Preview-Info.plist";
				MACH_O_TYPE = mh_execute;
				PRODUCT_NAME = "com.burntcaramel.Blik.Mac.$(TARGET_NAME:rfc1034identifier)";
				WRAPPER_EXTENSION = xpc;
			};
			name = Debug;
		};
		B2F0DBBD19923887001AB5EE /* Release */ = {
			isa = XCBuildConfiguration;
			buildSettings = {
				COMBINE_HIDPI_IMAGES = YES;
				GCC_PRECOMPILE_PREFIX_HEADER = YES;
				GCC_PREFIX_HEADER = "QuickLook Preview/QuickLook Preview-Prefix.pch";
				INFOPLIST_FILE = "QuickLook Preview/QuickLook Preview-Info.plist";
				MACH_O_TYPE = mh_execute;
				PRODUCT_NAME = "com.burntcaramel.Blik.Mac.$(TARGET_NAME:rfc1034identifier)";
				WRAPPER_EXTENSION = xpc;
			};
			name = Release;
		};
/* End XCBuildConfiguration section */

/* Begin XCConfigurationList section */
		B2ADDBC91963DA2E0014EF84 /* Build configuration list for PBXProject "Blik" */ = {
			isa = XCConfigurationList;
			buildConfigurations = (
				B2ADDBFD1963DA2E0014EF84 /* Debug */,
				B2ADDBFE1963DA2E0014EF84 /* Release */,
			);
			defaultConfigurationIsVisible = 0;
			defaultConfigurationName = Release;
		};
		B2ADDBFF1963DA2E0014EF84 /* Build configuration list for PBXNativeTarget "Blik" */ = {
			isa = XCConfigurationList;
			buildConfigurations = (
				B2ADDC001963DA2E0014EF84 /* Debug */,
				B2ADDC011963DA2E0014EF84 /* Release */,
			);
			defaultConfigurationIsVisible = 0;
			defaultConfigurationName = Release;
		};
		B2ADDC021963DA2E0014EF84 /* Build configuration list for PBXNativeTarget "BlikTests" */ = {
			isa = XCConfigurationList;
			buildConfigurations = (
				B2ADDC031963DA2E0014EF84 /* Debug */,
				B2ADDC041963DA2E0014EF84 /* Release */,
			);
			defaultConfigurationIsVisible = 0;
			defaultConfigurationName = Release;
		};
		B2F0DBBE19923887001AB5EE /* Build configuration list for PBXNativeTarget "QuickLook Preview" */ = {
			isa = XCConfigurationList;
			buildConfigurations = (
				B2F0DBBC19923887001AB5EE /* Debug */,
				B2F0DBBD19923887001AB5EE /* Release */,
			);
			defaultConfigurationIsVisible = 0;
			defaultConfigurationName = Release;
		};
/* End XCConfigurationList section */
	};
	rootObject = B2ADDBC61963DA2E0014EF84 /* Project object */;
}
